// !$*UTF8*$!
{
	archiveVersion = 1;
	classes = {
	};
	objectVersion = 46;
	objects = {

/* Begin PBXBuildFile section */
		15C157431683159E00D239F2 /* b2BroadPhase.cpp in Sources */ = {isa = PBXBuildFile; fileRef = 15C156CF1683159D00D239F2 /* b2BroadPhase.cpp */; };
		15C157441683159E00D239F2 /* b2CollideCircle.cpp in Sources */ = {isa = PBXBuildFile; fileRef = 15C156D11683159D00D239F2 /* b2CollideCircle.cpp */; };
		15C157451683159E00D239F2 /* b2CollideEdge.cpp in Sources */ = {isa = PBXBuildFile; fileRef = 15C156D21683159D00D239F2 /* b2CollideEdge.cpp */; };
		15C157461683159E00D239F2 /* b2CollidePolygon.cpp in Sources */ = {isa = PBXBuildFile; fileRef = 15C156D31683159D00D239F2 /* b2CollidePolygon.cpp */; };
		15C157471683159E00D239F2 /* b2Collision.cpp in Sources */ = {isa = PBXBuildFile; fileRef = 15C156D41683159D00D239F2 /* b2Collision.cpp */; };
		15C157481683159E00D239F2 /* b2Distance.cpp in Sources */ = {isa = PBXBuildFile; fileRef = 15C156D61683159D00D239F2 /* b2Distance.cpp */; };
		15C157491683159E00D239F2 /* b2DynamicTree.cpp in Sources */ = {isa = PBXBuildFile; fileRef = 15C156D81683159D00D239F2 /* b2DynamicTree.cpp */; };
		15C1574A1683159E00D239F2 /* b2TimeOfImpact.cpp in Sources */ = {isa = PBXBuildFile; fileRef = 15C156DA1683159D00D239F2 /* b2TimeOfImpact.cpp */; };
		15C1574B1683159E00D239F2 /* b2ChainShape.cpp in Sources */ = {isa = PBXBuildFile; fileRef = 15C156DD1683159D00D239F2 /* b2ChainShape.cpp */; };
		15C1574C1683159E00D239F2 /* b2CircleShape.cpp in Sources */ = {isa = PBXBuildFile; fileRef = 15C156DF1683159D00D239F2 /* b2CircleShape.cpp */; };
		15C1574D1683159E00D239F2 /* b2EdgeShape.cpp in Sources */ = {isa = PBXBuildFile; fileRef = 15C156E11683159D00D239F2 /* b2EdgeShape.cpp */; };
		15C1574E1683159E00D239F2 /* b2PolygonShape.cpp in Sources */ = {isa = PBXBuildFile; fileRef = 15C156E31683159D00D239F2 /* b2PolygonShape.cpp */; };
		15C1574F1683159E00D239F2 /* b2BlockAllocator.cpp in Sources */ = {isa = PBXBuildFile; fileRef = 15C156E71683159D00D239F2 /* b2BlockAllocator.cpp */; };
		15C157501683159E00D239F2 /* b2Draw.cpp in Sources */ = {isa = PBXBuildFile; fileRef = 15C156E91683159D00D239F2 /* b2Draw.cpp */; };
		15C157511683159E00D239F2 /* b2Math.cpp in Sources */ = {isa = PBXBuildFile; fileRef = 15C156EC1683159D00D239F2 /* b2Math.cpp */; };
		15C157521683159E00D239F2 /* b2Settings.cpp in Sources */ = {isa = PBXBuildFile; fileRef = 15C156EE1683159D00D239F2 /* b2Settings.cpp */; };
		15C157531683159E00D239F2 /* b2StackAllocator.cpp in Sources */ = {isa = PBXBuildFile; fileRef = 15C156F01683159D00D239F2 /* b2StackAllocator.cpp */; };
		15C157541683159E00D239F2 /* b2Timer.cpp in Sources */ = {isa = PBXBuildFile; fileRef = 15C156F21683159D00D239F2 /* b2Timer.cpp */; };
		15C157551683159E00D239F2 /* b2Body.cpp in Sources */ = {isa = PBXBuildFile; fileRef = 15C156F51683159D00D239F2 /* b2Body.cpp */; };
		15C157561683159E00D239F2 /* b2ContactManager.cpp in Sources */ = {isa = PBXBuildFile; fileRef = 15C156F71683159D00D239F2 /* b2ContactManager.cpp */; };
		15C157571683159E00D239F2 /* b2Fixture.cpp in Sources */ = {isa = PBXBuildFile; fileRef = 15C156F91683159D00D239F2 /* b2Fixture.cpp */; };
		15C157581683159E00D239F2 /* b2Island.cpp in Sources */ = {isa = PBXBuildFile; fileRef = 15C156FB1683159D00D239F2 /* b2Island.cpp */; };
		15C157591683159E00D239F2 /* b2World.cpp in Sources */ = {isa = PBXBuildFile; fileRef = 15C156FE1683159D00D239F2 /* b2World.cpp */; };
		15C1575A1683159E00D239F2 /* b2WorldCallbacks.cpp in Sources */ = {isa = PBXBuildFile; fileRef = 15C157001683159D00D239F2 /* b2WorldCallbacks.cpp */; };
		15C1575B1683159E00D239F2 /* b2ChainAndCircleContact.cpp in Sources */ = {isa = PBXBuildFile; fileRef = 15C157031683159D00D239F2 /* b2ChainAndCircleContact.cpp */; };
		15C1575C1683159E00D239F2 /* b2ChainAndPolygonContact.cpp in Sources */ = {isa = PBXBuildFile; fileRef = 15C157051683159D00D239F2 /* b2ChainAndPolygonContact.cpp */; };
		15C1575D1683159E00D239F2 /* b2CircleContact.cpp in Sources */ = {isa = PBXBuildFile; fileRef = 15C157071683159D00D239F2 /* b2CircleContact.cpp */; };
		15C1575E1683159E00D239F2 /* b2Contact.cpp in Sources */ = {isa = PBXBuildFile; fileRef = 15C157091683159D00D239F2 /* b2Contact.cpp */; };
		15C1575F1683159E00D239F2 /* b2ContactSolver.cpp in Sources */ = {isa = PBXBuildFile; fileRef = 15C1570B1683159D00D239F2 /* b2ContactSolver.cpp */; };
		15C157601683159E00D239F2 /* b2EdgeAndCircleContact.cpp in Sources */ = {isa = PBXBuildFile; fileRef = 15C1570D1683159D00D239F2 /* b2EdgeAndCircleContact.cpp */; };
		15C157611683159E00D239F2 /* b2EdgeAndPolygonContact.cpp in Sources */ = {isa = PBXBuildFile; fileRef = 15C1570F1683159D00D239F2 /* b2EdgeAndPolygonContact.cpp */; };
		15C157621683159E00D239F2 /* b2PolygonAndCircleContact.cpp in Sources */ = {isa = PBXBuildFile; fileRef = 15C157111683159D00D239F2 /* b2PolygonAndCircleContact.cpp */; };
		15C157631683159E00D239F2 /* b2PolygonContact.cpp in Sources */ = {isa = PBXBuildFile; fileRef = 15C157131683159D00D239F2 /* b2PolygonContact.cpp */; };
		15C157641683159E00D239F2 /* b2DistanceJoint.cpp in Sources */ = {isa = PBXBuildFile; fileRef = 15C157161683159D00D239F2 /* b2DistanceJoint.cpp */; };
		15C157651683159E00D239F2 /* b2FrictionJoint.cpp in Sources */ = {isa = PBXBuildFile; fileRef = 15C157181683159D00D239F2 /* b2FrictionJoint.cpp */; };
		15C157661683159E00D239F2 /* b2GearJoint.cpp in Sources */ = {isa = PBXBuildFile; fileRef = 15C1571A1683159D00D239F2 /* b2GearJoint.cpp */; };
		15C157671683159E00D239F2 /* b2Joint.cpp in Sources */ = {isa = PBXBuildFile; fileRef = 15C1571C1683159D00D239F2 /* b2Joint.cpp */; };
		15C157681683159E00D239F2 /* b2MouseJoint.cpp in Sources */ = {isa = PBXBuildFile; fileRef = 15C1571E1683159D00D239F2 /* b2MouseJoint.cpp */; };
		15C157691683159E00D239F2 /* b2PrismaticJoint.cpp in Sources */ = {isa = PBXBuildFile; fileRef = 15C157201683159D00D239F2 /* b2PrismaticJoint.cpp */; };
		15C1576A1683159E00D239F2 /* b2PulleyJoint.cpp in Sources */ = {isa = PBXBuildFile; fileRef = 15C157221683159D00D239F2 /* b2PulleyJoint.cpp */; };
		15C1576B1683159E00D239F2 /* b2RevoluteJoint.cpp in Sources */ = {isa = PBXBuildFile; fileRef = 15C157241683159D00D239F2 /* b2RevoluteJoint.cpp */; };
		15C1576C1683159E00D239F2 /* b2RopeJoint.cpp in Sources */ = {isa = PBXBuildFile; fileRef = 15C157261683159D00D239F2 /* b2RopeJoint.cpp */; };
		15C1576D1683159E00D239F2 /* b2WeldJoint.cpp in Sources */ = {isa = PBXBuildFile; fileRef = 15C157281683159D00D239F2 /* b2WeldJoint.cpp */; };
		15C1576E1683159E00D239F2 /* b2WheelJoint.cpp in Sources */ = {isa = PBXBuildFile; fileRef = 15C1572A1683159D00D239F2 /* b2WheelJoint.cpp */; };
		15C1577D1683159E00D239F2 /* b2Rope.cpp in Sources */ = {isa = PBXBuildFile; fileRef = 15C157401683159D00D239F2 /* b2Rope.cpp */; };
		15C159531683161A00D239F2 /* libcocos2dx.a in Frameworks */ = {isa = PBXBuildFile; fileRef = 15C156CA1683158700D239F2 /* libcocos2dx.a */; settings = {ATTRIBUTES = (Required, ); }; };
		15C64823165F391E007D4F18 /* Cocoa.framework in Frameworks */ = {isa = PBXBuildFile; fileRef = 15C64822165F391E007D4F18 /* Cocoa.framework */; };
		15C64825165F3934007D4F18 /* OpenGL.framework in Frameworks */ = {isa = PBXBuildFile; fileRef = 15C64824165F3934007D4F18 /* OpenGL.framework */; };
		15C64827165F394E007D4F18 /* QuartzCore.framework in Frameworks */ = {isa = PBXBuildFile; fileRef = 15C64826165F394E007D4F18 /* QuartzCore.framework */; };
		15C64829165F396B007D4F18 /* OpenAL.framework in Frameworks */ = {isa = PBXBuildFile; fileRef = 15C64828165F396B007D4F18 /* OpenAL.framework */; };
		15C6482B165F3979007D4F18 /* ApplicationServices.framework in Frameworks */ = {isa = PBXBuildFile; fileRef = 15C6482A165F3979007D4F18 /* ApplicationServices.framework */; };
		15C6482D165F3988007D4F18 /* AudioToolbox.framework in Frameworks */ = {isa = PBXBuildFile; fileRef = 15C6482C165F3988007D4F18 /* AudioToolbox.framework */; };
		15C6482F165F399D007D4F18 /* libz.dylib in Frameworks */ = {isa = PBXBuildFile; fileRef = 15C6482E165F399D007D4F18 /* libz.dylib */; };
		15C64831165F39AB007D4F18 /* libxml2.dylib in Frameworks */ = {isa = PBXBuildFile; fileRef = 15C64830165F39AB007D4F18 /* libxml2.dylib */; };
		15C64833165F3AFD007D4F18 /* Foundation.framework in Frameworks */ = {isa = PBXBuildFile; fileRef = 15C64832165F3AFD007D4F18 /* Foundation.framework */; };
		15C6498716633E65007D4F18 /* libcurl.a in Frameworks */ = {isa = PBXBuildFile; fileRef = 15C6498616633E65007D4F18 /* libcurl.a */; };
		15D8B23E168318C3006C7997 /* CDAudioManager.m in Sources */ = {isa = PBXBuildFile; fileRef = 15D8B233168318C3006C7997 /* CDAudioManager.m */; };
		15D8B23F168318C3006C7997 /* CDOpenALSupport.m in Sources */ = {isa = PBXBuildFile; fileRef = 15D8B236168318C3006C7997 /* CDOpenALSupport.m */; };
		15D8B240168318C3006C7997 /* CDXMacOSXSupport.mm in Sources */ = {isa = PBXBuildFile; fileRef = 15D8B238168318C3006C7997 /* CDXMacOSXSupport.mm */; };
		15D8B241168318C3006C7997 /* CocosDenshion.m in Sources */ = {isa = PBXBuildFile; fileRef = 15D8B23A168318C3006C7997 /* CocosDenshion.m */; };
		15D8B242168318C3006C7997 /* SimpleAudioEngine.mm in Sources */ = {isa = PBXBuildFile; fileRef = 15D8B23B168318C3006C7997 /* SimpleAudioEngine.mm */; };
		15D8B243168318C3006C7997 /* SimpleAudioEngine_objc.m in Sources */ = {isa = PBXBuildFile; fileRef = 15D8B23D168318C3006C7997 /* SimpleAudioEngine_objc.m */; };
		41BC70E415BF81A5006A0A6C /* AppController.mm in Sources */ = {isa = PBXBuildFile; fileRef = 41BC70DA15BF81A5006A0A6C /* AppController.mm */; };
		41BC70E515BF81A5006A0A6C /* InfoPlist.strings in Resources */ = {isa = PBXBuildFile; fileRef = 41BC70DC15BF81A5006A0A6C /* InfoPlist.strings */; };
		41BC70E615BF81A5006A0A6C /* MainMenu.xib in Resources */ = {isa = PBXBuildFile; fileRef = 41BC70DE15BF81A5006A0A6C /* MainMenu.xib */; };
		41BC70E715BF81A5006A0A6C /* Icon.icns in Resources */ = {isa = PBXBuildFile; fileRef = 41BC70E015BF81A5006A0A6C /* Icon.icns */; };
		41BC70E815BF81A5006A0A6C /* main.m in Sources */ = {isa = PBXBuildFile; fileRef = 41BC70E115BF81A5006A0A6C /* main.m */; };
		6202BD2917A87F8C002A9751 /* AppDelegate.cpp in Sources */ = {isa = PBXBuildFile; fileRef = 6202BCEA17A87F8C002A9751 /* AppDelegate.cpp */; };
		6202BD2A17A87F8C002A9751 /* B2DebugDrawLayer.cpp in Sources */ = {isa = PBXBuildFile; fileRef = 6202BCED17A87F8C002A9751 /* B2DebugDrawLayer.cpp */; };
		6202BD2B17A87F8C002A9751 /* GLES-Render.cpp in Sources */ = {isa = PBXBuildFile; fileRef = 6202BCEF17A87F8C002A9751 /* GLES-Render.cpp */; };
		6202BD2C17A87F8C002A9751 /* BAContactListener.cpp in Sources */ = {isa = PBXBuildFile; fileRef = 6202BCF117A87F8C002A9751 /* BAContactListener.cpp */; };
		6202BD2D17A87F8C002A9751 /* BaseLayer.cpp in Sources */ = {isa = PBXBuildFile; fileRef = 6202BCF317A87F8C002A9751 /* BaseLayer.cpp */; };
		6202BD2E17A87F8C002A9751 /* CoffeeBar.cpp in Sources */ = {isa = PBXBuildFile; fileRef = 6202BCF517A87F8C002A9751 /* CoffeeBar.cpp */; };
		6202BD2F17A87F8C002A9751 /* Coffee.cpp in Sources */ = {isa = PBXBuildFile; fileRef = 6202BCFA17A87F8C002A9751 /* Coffee.cpp */; };
		6202BD3017A87F8C002A9751 /* Collectable.cpp in Sources */ = {isa = PBXBuildFile; fileRef = 6202BCFC17A87F8C002A9751 /* Collectable.cpp */; };
		6202BD3117A87F8C002A9751 /* Donut.cpp in Sources */ = {isa = PBXBuildFile; fileRef = 6202BCFE17A87F8C002A9751 /* Donut.cpp */; };
		6202BD3217A87F8C002A9751 /* PeaBerry.cpp in Sources */ = {isa = PBXBuildFile; fileRef = 6202BD0017A87F8C002A9751 /* PeaBerry.cpp */; };
		6202BD3317A87F8C002A9751 /* Water.cpp in Sources */ = {isa = PBXBuildFile; fileRef = 6202BD0217A87F8C002A9751 /* Water.cpp */; };
		6202BD3417A87F8C002A9751 /* CollectableSpawnPoint.cpp in Sources */ = {isa = PBXBuildFile; fileRef = 6202BD0417A87F8C002A9751 /* CollectableSpawnPoint.cpp */; };
		6202BD3517A87F8C002A9751 /* Enemy.cpp in Sources */ = {isa = PBXBuildFile; fileRef = 6202BD0717A87F8C002A9751 /* Enemy.cpp */; };
		6202BD3617A87F8C002A9751 /* Man.cpp in Sources */ = {isa = PBXBuildFile; fileRef = 6202BD0917A87F8C002A9751 /* Man.cpp */; };
		6202BD3717A87F8C002A9751 /* Manager.cpp in Sources */ = {isa = PBXBuildFile; fileRef = 6202BD0B17A87F8C002A9751 /* Manager.cpp */; };
		6202BD3817A87F8C002A9751 /* Woman.cpp in Sources */ = {isa = PBXBuildFile; fileRef = 6202BD0D17A87F8C002A9751 /* Woman.cpp */; };
		6202BD3917A87F8C002A9751 /* EnemySpawnPoint.cpp in Sources */ = {isa = PBXBuildFile; fileRef = 6202BD0F17A87F8C002A9751 /* EnemySpawnPoint.cpp */; };
		6202BD3A17A87F8C002A9751 /* Player.cpp in Sources */ = {isa = PBXBuildFile; fileRef = 6202BD1117A87F8C002A9751 /* Player.cpp */; };
		6202BD3B17A87F8C002A9751 /* BossDesk.cpp in Sources */ = {isa = PBXBuildFile; fileRef = 6202BD1417A87F8C002A9751 /* BossDesk.cpp */; };
		6202BD3C17A87F8C002A9751 /* Document.cpp in Sources */ = {isa = PBXBuildFile; fileRef = 6202BD1617A87F8C002A9751 /* Document.cpp */; };
		6202BD3D17A87F8C002A9751 /* EmptyPaper.cpp in Sources */ = {isa = PBXBuildFile; fileRef = 6202BD1817A87F8C002A9751 /* EmptyPaper.cpp */; };
		6202BD3E17A87F8C002A9751 /* Printer.cpp in Sources */ = {isa = PBXBuildFile; fileRef = 6202BD1A17A87F8C002A9751 /* Printer.cpp */; };
		6202BD3F17A87F8C002A9751 /* GameObject.cpp in Sources */ = {isa = PBXBuildFile; fileRef = 6202BD1C17A87F8C002A9751 /* GameObject.cpp */; };
		6202BD4017A87F8C002A9751 /* GamePlay.cpp in Sources */ = {isa = PBXBuildFile; fileRef = 6202BD1E17A87F8C002A9751 /* GamePlay.cpp */; };
		6202BD4117A87F8C002A9751 /* HealthBar.cpp in Sources */ = {isa = PBXBuildFile; fileRef = 6202BD2017A87F8C002A9751 /* HealthBar.cpp */; };
		6202BD4217A87F8C002A9751 /* GameoverScene.cpp in Sources */ = {isa = PBXBuildFile; fileRef = 6202BD2317A87F8C002A9751 /* GameoverScene.cpp */; };
		6202BD4317A87F8C002A9751 /* TitleScene.cpp in Sources */ = {isa = PBXBuildFile; fileRef = 6202BD2517A87F8C002A9751 /* TitleScene.cpp */; };
		6202BD4417A87F8C002A9751 /* ScoreLayer.cpp in Sources */ = {isa = PBXBuildFile; fileRef = 6202BD2717A87F8C002A9751 /* ScoreLayer.cpp */; };
		6202BD5C17A87FC7002A9751 /* Characters.plist in Resources */ = {isa = PBXBuildFile; fileRef = 6202BD4517A87FC7002A9751 /* Characters.plist */; };
		6202BD5D17A87FC7002A9751 /* Characters.png in Resources */ = {isa = PBXBuildFile; fileRef = 6202BD4617A87FC7002A9751 /* Characters.png */; };
		6202BD5E17A87FC7002A9751 /* credits.png in Resources */ = {isa = PBXBuildFile; fileRef = 6202BD4717A87FC7002A9751 /* credits.png */; };
		6202BD5F17A87FC7002A9751 /* death_man.wav in Resources */ = {isa = PBXBuildFile; fileRef = 6202BD4817A87FC7002A9751 /* death_man.wav */; };
		6202BD6017A87FC7002A9751 /* death_manager.wav in Resources */ = {isa = PBXBuildFile; fileRef = 6202BD4917A87FC7002A9751 /* death_manager.wav */; };
		6202BD6117A87FC7002A9751 /* death_woman.wav in Resources */ = {isa = PBXBuildFile; fileRef = 6202BD4A17A87FC7002A9751 /* death_woman.wav */; };
		6202BD6217A87FC7002A9751 /* donut_eating.wav in Resources */ = {isa = PBXBuildFile; fileRef = 6202BD4B17A87FC7002A9751 /* donut_eating.wav */; };
		6202BD6317A87FC7002A9751 /* drinked_coffee.wav in Resources */ = {isa = PBXBuildFile; fileRef = 6202BD4C17A87FC7002A9751 /* drinked_coffee.wav */; };
		6202BD6417A87FC7002A9751 /* gameover.jpg in Resources */ = {isa = PBXBuildFile; fileRef = 6202BD4D17A87FC7002A9751 /* gameover.jpg */; };
		6202BD6517A87FC7002A9751 /* gettowork.png in Resources */ = {isa = PBXBuildFile; fileRef = 6202BD4E17A87FC7002A9751 /* gettowork.png */; };
		6202BD6617A87FC7002A9751 /* main_bgm.wav in Resources */ = {isa = PBXBuildFile; fileRef = 6202BD4F17A87FC7002A9751 /* main_bgm.wav */; };
		6202BD6717A87FC7002A9751 /* main.tmx in Resources */ = {isa = PBXBuildFile; fileRef = 6202BD5017A87FC7002A9751 /* main.tmx */; };
		6202BD6817A87FC7002A9751 /* MainFont.fnt in Resources */ = {isa = PBXBuildFile; fileRef = 6202BD5117A87FC7002A9751 /* MainFont.fnt */; };
		6202BD6917A87FC7002A9751 /* MainFont.png in Resources */ = {isa = PBXBuildFile; fileRef = 6202BD5217A87FC7002A9751 /* MainFont.png */; };
		6202BD6A17A87FC7002A9751 /* officerampage.png in Resources */ = {isa = PBXBuildFile; fileRef = 6202BD5317A87FC7002A9751 /* officerampage.png */; };
		6202BD6B17A87FC7002A9751 /* paper.wav in Resources */ = {isa = PBXBuildFile; fileRef = 6202BD5417A87FC7002A9751 /* paper.wav */; };
		6202BD6C17A87FC7002A9751 /* player_hit.wav in Resources */ = {isa = PBXBuildFile; fileRef = 6202BD5517A87FC7002A9751 /* player_hit.wav */; };
		6202BD6D17A87FC7002A9751 /* printer.wav in Resources */ = {isa = PBXBuildFile; fileRef = 6202BD5617A87FC7002A9751 /* printer.wav */; };
		6202BD6E17A87FC7002A9751 /* return.png in Resources */ = {isa = PBXBuildFile; fileRef = 6202BD5717A87FC7002A9751 /* return.png */; };
		6202BD6F17A87FC7002A9751 /* startover.png in Resources */ = {isa = PBXBuildFile; fileRef = 6202BD5817A87FC7002A9751 /* startover.png */; };
		6202BD7017A87FC7002A9751 /* tiles.png in Resources */ = {isa = PBXBuildFile; fileRef = 6202BD5917A87FC7002A9751 /* tiles.png */; };
		6202BD7117A87FC7002A9751 /* title_bgm.mp3 in Resources */ = {isa = PBXBuildFile; fileRef = 6202BD5A17A87FC7002A9751 /* title_bgm.mp3 */; };
		6202BD7217A87FC7002A9751 /* wilhem.wav in Resources */ = {isa = PBXBuildFile; fileRef = 6202BD5B17A87FC7002A9751 /* wilhem.wav */; };
/* End PBXBuildFile section */

/* Begin PBXContainerItemProxy section */
		15C156C91683158700D239F2 /* PBXContainerItemProxy */ = {
			isa = PBXContainerItemProxy;
			containerPortal = 15C156C21683158700D239F2 /* cocos2dx.xcodeproj */;
			proxyType = 2;
			remoteGlobalIDString = 1551A33F158F2AB200E66CFE;
			remoteInfo = cocos2dx;
		};
		15C159511683161500D239F2 /* PBXContainerItemProxy */ = {
			isa = PBXContainerItemProxy;
			containerPortal = 15C156C21683158700D239F2 /* cocos2dx.xcodeproj */;
			proxyType = 1;
			remoteGlobalIDString = 1551A33E158F2AB200E66CFE;
			remoteInfo = cocos2dx;
		};
/* End PBXContainerItemProxy section */

/* Begin PBXFileReference section */
		15C156C21683158700D239F2 /* cocos2dx.xcodeproj */ = {isa = PBXFileReference; lastKnownFileType = "wrapper.pb-project"; name = cocos2dx.xcodeproj; path = ../../../cocos2dx/proj.mac/cocos2dx.xcodeproj; sourceTree = "<group>"; };
		15C156CD1683159D00D239F2 /* Box2D.h */ = {isa = PBXFileReference; fileEncoding = 4; lastKnownFileType = sourcecode.c.h; path = Box2D.h; sourceTree = "<group>"; };
		15C156CF1683159D00D239F2 /* b2BroadPhase.cpp */ = {isa = PBXFileReference; fileEncoding = 4; lastKnownFileType = sourcecode.cpp.cpp; path = b2BroadPhase.cpp; sourceTree = "<group>"; };
		15C156D01683159D00D239F2 /* b2BroadPhase.h */ = {isa = PBXFileReference; fileEncoding = 4; lastKnownFileType = sourcecode.c.h; path = b2BroadPhase.h; sourceTree = "<group>"; };
		15C156D11683159D00D239F2 /* b2CollideCircle.cpp */ = {isa = PBXFileReference; fileEncoding = 4; lastKnownFileType = sourcecode.cpp.cpp; path = b2CollideCircle.cpp; sourceTree = "<group>"; };
		15C156D21683159D00D239F2 /* b2CollideEdge.cpp */ = {isa = PBXFileReference; fileEncoding = 4; lastKnownFileType = sourcecode.cpp.cpp; path = b2CollideEdge.cpp; sourceTree = "<group>"; };
		15C156D31683159D00D239F2 /* b2CollidePolygon.cpp */ = {isa = PBXFileReference; fileEncoding = 4; lastKnownFileType = sourcecode.cpp.cpp; path = b2CollidePolygon.cpp; sourceTree = "<group>"; };
		15C156D41683159D00D239F2 /* b2Collision.cpp */ = {isa = PBXFileReference; fileEncoding = 4; lastKnownFileType = sourcecode.cpp.cpp; path = b2Collision.cpp; sourceTree = "<group>"; };
		15C156D51683159D00D239F2 /* b2Collision.h */ = {isa = PBXFileReference; fileEncoding = 4; lastKnownFileType = sourcecode.c.h; path = b2Collision.h; sourceTree = "<group>"; };
		15C156D61683159D00D239F2 /* b2Distance.cpp */ = {isa = PBXFileReference; fileEncoding = 4; lastKnownFileType = sourcecode.cpp.cpp; path = b2Distance.cpp; sourceTree = "<group>"; };
		15C156D71683159D00D239F2 /* b2Distance.h */ = {isa = PBXFileReference; fileEncoding = 4; lastKnownFileType = sourcecode.c.h; path = b2Distance.h; sourceTree = "<group>"; };
		15C156D81683159D00D239F2 /* b2DynamicTree.cpp */ = {isa = PBXFileReference; fileEncoding = 4; lastKnownFileType = sourcecode.cpp.cpp; path = b2DynamicTree.cpp; sourceTree = "<group>"; };
		15C156D91683159D00D239F2 /* b2DynamicTree.h */ = {isa = PBXFileReference; fileEncoding = 4; lastKnownFileType = sourcecode.c.h; path = b2DynamicTree.h; sourceTree = "<group>"; };
		15C156DA1683159D00D239F2 /* b2TimeOfImpact.cpp */ = {isa = PBXFileReference; fileEncoding = 4; lastKnownFileType = sourcecode.cpp.cpp; path = b2TimeOfImpact.cpp; sourceTree = "<group>"; };
		15C156DB1683159D00D239F2 /* b2TimeOfImpact.h */ = {isa = PBXFileReference; fileEncoding = 4; lastKnownFileType = sourcecode.c.h; path = b2TimeOfImpact.h; sourceTree = "<group>"; };
		15C156DD1683159D00D239F2 /* b2ChainShape.cpp */ = {isa = PBXFileReference; fileEncoding = 4; lastKnownFileType = sourcecode.cpp.cpp; path = b2ChainShape.cpp; sourceTree = "<group>"; };
		15C156DE1683159D00D239F2 /* b2ChainShape.h */ = {isa = PBXFileReference; fileEncoding = 4; lastKnownFileType = sourcecode.c.h; path = b2ChainShape.h; sourceTree = "<group>"; };
		15C156DF1683159D00D239F2 /* b2CircleShape.cpp */ = {isa = PBXFileReference; fileEncoding = 4; lastKnownFileType = sourcecode.cpp.cpp; path = b2CircleShape.cpp; sourceTree = "<group>"; };
		15C156E01683159D00D239F2 /* b2CircleShape.h */ = {isa = PBXFileReference; fileEncoding = 4; lastKnownFileType = sourcecode.c.h; path = b2CircleShape.h; sourceTree = "<group>"; };
		15C156E11683159D00D239F2 /* b2EdgeShape.cpp */ = {isa = PBXFileReference; fileEncoding = 4; lastKnownFileType = sourcecode.cpp.cpp; path = b2EdgeShape.cpp; sourceTree = "<group>"; };
		15C156E21683159D00D239F2 /* b2EdgeShape.h */ = {isa = PBXFileReference; fileEncoding = 4; lastKnownFileType = sourcecode.c.h; path = b2EdgeShape.h; sourceTree = "<group>"; };
		15C156E31683159D00D239F2 /* b2PolygonShape.cpp */ = {isa = PBXFileReference; fileEncoding = 4; lastKnownFileType = sourcecode.cpp.cpp; path = b2PolygonShape.cpp; sourceTree = "<group>"; };
		15C156E41683159D00D239F2 /* b2PolygonShape.h */ = {isa = PBXFileReference; fileEncoding = 4; lastKnownFileType = sourcecode.c.h; path = b2PolygonShape.h; sourceTree = "<group>"; };
		15C156E51683159D00D239F2 /* b2Shape.h */ = {isa = PBXFileReference; fileEncoding = 4; lastKnownFileType = sourcecode.c.h; path = b2Shape.h; sourceTree = "<group>"; };
		15C156E71683159D00D239F2 /* b2BlockAllocator.cpp */ = {isa = PBXFileReference; fileEncoding = 4; lastKnownFileType = sourcecode.cpp.cpp; path = b2BlockAllocator.cpp; sourceTree = "<group>"; };
		15C156E81683159D00D239F2 /* b2BlockAllocator.h */ = {isa = PBXFileReference; fileEncoding = 4; lastKnownFileType = sourcecode.c.h; path = b2BlockAllocator.h; sourceTree = "<group>"; };
		15C156E91683159D00D239F2 /* b2Draw.cpp */ = {isa = PBXFileReference; fileEncoding = 4; lastKnownFileType = sourcecode.cpp.cpp; path = b2Draw.cpp; sourceTree = "<group>"; };
		15C156EA1683159D00D239F2 /* b2Draw.h */ = {isa = PBXFileReference; fileEncoding = 4; lastKnownFileType = sourcecode.c.h; path = b2Draw.h; sourceTree = "<group>"; };
		15C156EB1683159D00D239F2 /* b2GrowableStack.h */ = {isa = PBXFileReference; fileEncoding = 4; lastKnownFileType = sourcecode.c.h; path = b2GrowableStack.h; sourceTree = "<group>"; };
		15C156EC1683159D00D239F2 /* b2Math.cpp */ = {isa = PBXFileReference; fileEncoding = 4; lastKnownFileType = sourcecode.cpp.cpp; path = b2Math.cpp; sourceTree = "<group>"; };
		15C156ED1683159D00D239F2 /* b2Math.h */ = {isa = PBXFileReference; fileEncoding = 4; lastKnownFileType = sourcecode.c.h; path = b2Math.h; sourceTree = "<group>"; };
		15C156EE1683159D00D239F2 /* b2Settings.cpp */ = {isa = PBXFileReference; fileEncoding = 4; lastKnownFileType = sourcecode.cpp.cpp; path = b2Settings.cpp; sourceTree = "<group>"; };
		15C156EF1683159D00D239F2 /* b2Settings.h */ = {isa = PBXFileReference; fileEncoding = 4; lastKnownFileType = sourcecode.c.h; path = b2Settings.h; sourceTree = "<group>"; };
		15C156F01683159D00D239F2 /* b2StackAllocator.cpp */ = {isa = PBXFileReference; fileEncoding = 4; lastKnownFileType = sourcecode.cpp.cpp; path = b2StackAllocator.cpp; sourceTree = "<group>"; };
		15C156F11683159D00D239F2 /* b2StackAllocator.h */ = {isa = PBXFileReference; fileEncoding = 4; lastKnownFileType = sourcecode.c.h; path = b2StackAllocator.h; sourceTree = "<group>"; };
		15C156F21683159D00D239F2 /* b2Timer.cpp */ = {isa = PBXFileReference; fileEncoding = 4; lastKnownFileType = sourcecode.cpp.cpp; path = b2Timer.cpp; sourceTree = "<group>"; };
		15C156F31683159D00D239F2 /* b2Timer.h */ = {isa = PBXFileReference; fileEncoding = 4; lastKnownFileType = sourcecode.c.h; path = b2Timer.h; sourceTree = "<group>"; };
		15C156F51683159D00D239F2 /* b2Body.cpp */ = {isa = PBXFileReference; fileEncoding = 4; lastKnownFileType = sourcecode.cpp.cpp; path = b2Body.cpp; sourceTree = "<group>"; };
		15C156F61683159D00D239F2 /* b2Body.h */ = {isa = PBXFileReference; fileEncoding = 4; lastKnownFileType = sourcecode.c.h; path = b2Body.h; sourceTree = "<group>"; };
		15C156F71683159D00D239F2 /* b2ContactManager.cpp */ = {isa = PBXFileReference; fileEncoding = 4; lastKnownFileType = sourcecode.cpp.cpp; path = b2ContactManager.cpp; sourceTree = "<group>"; };
		15C156F81683159D00D239F2 /* b2ContactManager.h */ = {isa = PBXFileReference; fileEncoding = 4; lastKnownFileType = sourcecode.c.h; path = b2ContactManager.h; sourceTree = "<group>"; };
		15C156F91683159D00D239F2 /* b2Fixture.cpp */ = {isa = PBXFileReference; fileEncoding = 4; lastKnownFileType = sourcecode.cpp.cpp; path = b2Fixture.cpp; sourceTree = "<group>"; };
		15C156FA1683159D00D239F2 /* b2Fixture.h */ = {isa = PBXFileReference; fileEncoding = 4; lastKnownFileType = sourcecode.c.h; path = b2Fixture.h; sourceTree = "<group>"; };
		15C156FB1683159D00D239F2 /* b2Island.cpp */ = {isa = PBXFileReference; fileEncoding = 4; lastKnownFileType = sourcecode.cpp.cpp; path = b2Island.cpp; sourceTree = "<group>"; };
		15C156FC1683159D00D239F2 /* b2Island.h */ = {isa = PBXFileReference; fileEncoding = 4; lastKnownFileType = sourcecode.c.h; path = b2Island.h; sourceTree = "<group>"; };
		15C156FD1683159D00D239F2 /* b2TimeStep.h */ = {isa = PBXFileReference; fileEncoding = 4; lastKnownFileType = sourcecode.c.h; path = b2TimeStep.h; sourceTree = "<group>"; };
		15C156FE1683159D00D239F2 /* b2World.cpp */ = {isa = PBXFileReference; fileEncoding = 4; lastKnownFileType = sourcecode.cpp.cpp; path = b2World.cpp; sourceTree = "<group>"; };
		15C156FF1683159D00D239F2 /* b2World.h */ = {isa = PBXFileReference; fileEncoding = 4; lastKnownFileType = sourcecode.c.h; path = b2World.h; sourceTree = "<group>"; };
		15C157001683159D00D239F2 /* b2WorldCallbacks.cpp */ = {isa = PBXFileReference; fileEncoding = 4; lastKnownFileType = sourcecode.cpp.cpp; path = b2WorldCallbacks.cpp; sourceTree = "<group>"; };
		15C157011683159D00D239F2 /* b2WorldCallbacks.h */ = {isa = PBXFileReference; fileEncoding = 4; lastKnownFileType = sourcecode.c.h; path = b2WorldCallbacks.h; sourceTree = "<group>"; };
		15C157031683159D00D239F2 /* b2ChainAndCircleContact.cpp */ = {isa = PBXFileReference; fileEncoding = 4; lastKnownFileType = sourcecode.cpp.cpp; path = b2ChainAndCircleContact.cpp; sourceTree = "<group>"; };
		15C157041683159D00D239F2 /* b2ChainAndCircleContact.h */ = {isa = PBXFileReference; fileEncoding = 4; lastKnownFileType = sourcecode.c.h; path = b2ChainAndCircleContact.h; sourceTree = "<group>"; };
		15C157051683159D00D239F2 /* b2ChainAndPolygonContact.cpp */ = {isa = PBXFileReference; fileEncoding = 4; lastKnownFileType = sourcecode.cpp.cpp; path = b2ChainAndPolygonContact.cpp; sourceTree = "<group>"; };
		15C157061683159D00D239F2 /* b2ChainAndPolygonContact.h */ = {isa = PBXFileReference; fileEncoding = 4; lastKnownFileType = sourcecode.c.h; path = b2ChainAndPolygonContact.h; sourceTree = "<group>"; };
		15C157071683159D00D239F2 /* b2CircleContact.cpp */ = {isa = PBXFileReference; fileEncoding = 4; lastKnownFileType = sourcecode.cpp.cpp; path = b2CircleContact.cpp; sourceTree = "<group>"; };
		15C157081683159D00D239F2 /* b2CircleContact.h */ = {isa = PBXFileReference; fileEncoding = 4; lastKnownFileType = sourcecode.c.h; path = b2CircleContact.h; sourceTree = "<group>"; };
		15C157091683159D00D239F2 /* b2Contact.cpp */ = {isa = PBXFileReference; fileEncoding = 4; lastKnownFileType = sourcecode.cpp.cpp; path = b2Contact.cpp; sourceTree = "<group>"; };
		15C1570A1683159D00D239F2 /* b2Contact.h */ = {isa = PBXFileReference; fileEncoding = 4; lastKnownFileType = sourcecode.c.h; path = b2Contact.h; sourceTree = "<group>"; };
		15C1570B1683159D00D239F2 /* b2ContactSolver.cpp */ = {isa = PBXFileReference; fileEncoding = 4; lastKnownFileType = sourcecode.cpp.cpp; path = b2ContactSolver.cpp; sourceTree = "<group>"; };
		15C1570C1683159D00D239F2 /* b2ContactSolver.h */ = {isa = PBXFileReference; fileEncoding = 4; lastKnownFileType = sourcecode.c.h; path = b2ContactSolver.h; sourceTree = "<group>"; };
		15C1570D1683159D00D239F2 /* b2EdgeAndCircleContact.cpp */ = {isa = PBXFileReference; fileEncoding = 4; lastKnownFileType = sourcecode.cpp.cpp; path = b2EdgeAndCircleContact.cpp; sourceTree = "<group>"; };
		15C1570E1683159D00D239F2 /* b2EdgeAndCircleContact.h */ = {isa = PBXFileReference; fileEncoding = 4; lastKnownFileType = sourcecode.c.h; path = b2EdgeAndCircleContact.h; sourceTree = "<group>"; };
		15C1570F1683159D00D239F2 /* b2EdgeAndPolygonContact.cpp */ = {isa = PBXFileReference; fileEncoding = 4; lastKnownFileType = sourcecode.cpp.cpp; path = b2EdgeAndPolygonContact.cpp; sourceTree = "<group>"; };
		15C157101683159D00D239F2 /* b2EdgeAndPolygonContact.h */ = {isa = PBXFileReference; fileEncoding = 4; lastKnownFileType = sourcecode.c.h; path = b2EdgeAndPolygonContact.h; sourceTree = "<group>"; };
		15C157111683159D00D239F2 /* b2PolygonAndCircleContact.cpp */ = {isa = PBXFileReference; fileEncoding = 4; lastKnownFileType = sourcecode.cpp.cpp; path = b2PolygonAndCircleContact.cpp; sourceTree = "<group>"; };
		15C157121683159D00D239F2 /* b2PolygonAndCircleContact.h */ = {isa = PBXFileReference; fileEncoding = 4; lastKnownFileType = sourcecode.c.h; path = b2PolygonAndCircleContact.h; sourceTree = "<group>"; };
		15C157131683159D00D239F2 /* b2PolygonContact.cpp */ = {isa = PBXFileReference; fileEncoding = 4; lastKnownFileType = sourcecode.cpp.cpp; path = b2PolygonContact.cpp; sourceTree = "<group>"; };
		15C157141683159D00D239F2 /* b2PolygonContact.h */ = {isa = PBXFileReference; fileEncoding = 4; lastKnownFileType = sourcecode.c.h; path = b2PolygonContact.h; sourceTree = "<group>"; };
		15C157161683159D00D239F2 /* b2DistanceJoint.cpp */ = {isa = PBXFileReference; fileEncoding = 4; lastKnownFileType = sourcecode.cpp.cpp; path = b2DistanceJoint.cpp; sourceTree = "<group>"; };
		15C157171683159D00D239F2 /* b2DistanceJoint.h */ = {isa = PBXFileReference; fileEncoding = 4; lastKnownFileType = sourcecode.c.h; path = b2DistanceJoint.h; sourceTree = "<group>"; };
		15C157181683159D00D239F2 /* b2FrictionJoint.cpp */ = {isa = PBXFileReference; fileEncoding = 4; lastKnownFileType = sourcecode.cpp.cpp; path = b2FrictionJoint.cpp; sourceTree = "<group>"; };
		15C157191683159D00D239F2 /* b2FrictionJoint.h */ = {isa = PBXFileReference; fileEncoding = 4; lastKnownFileType = sourcecode.c.h; path = b2FrictionJoint.h; sourceTree = "<group>"; };
		15C1571A1683159D00D239F2 /* b2GearJoint.cpp */ = {isa = PBXFileReference; fileEncoding = 4; lastKnownFileType = sourcecode.cpp.cpp; path = b2GearJoint.cpp; sourceTree = "<group>"; };
		15C1571B1683159D00D239F2 /* b2GearJoint.h */ = {isa = PBXFileReference; fileEncoding = 4; lastKnownFileType = sourcecode.c.h; path = b2GearJoint.h; sourceTree = "<group>"; };
		15C1571C1683159D00D239F2 /* b2Joint.cpp */ = {isa = PBXFileReference; fileEncoding = 4; lastKnownFileType = sourcecode.cpp.cpp; path = b2Joint.cpp; sourceTree = "<group>"; };
		15C1571D1683159D00D239F2 /* b2Joint.h */ = {isa = PBXFileReference; fileEncoding = 4; lastKnownFileType = sourcecode.c.h; path = b2Joint.h; sourceTree = "<group>"; };
		15C1571E1683159D00D239F2 /* b2MouseJoint.cpp */ = {isa = PBXFileReference; fileEncoding = 4; lastKnownFileType = sourcecode.cpp.cpp; path = b2MouseJoint.cpp; sourceTree = "<group>"; };
		15C1571F1683159D00D239F2 /* b2MouseJoint.h */ = {isa = PBXFileReference; fileEncoding = 4; lastKnownFileType = sourcecode.c.h; path = b2MouseJoint.h; sourceTree = "<group>"; };
		15C157201683159D00D239F2 /* b2PrismaticJoint.cpp */ = {isa = PBXFileReference; fileEncoding = 4; lastKnownFileType = sourcecode.cpp.cpp; path = b2PrismaticJoint.cpp; sourceTree = "<group>"; };
		15C157211683159D00D239F2 /* b2PrismaticJoint.h */ = {isa = PBXFileReference; fileEncoding = 4; lastKnownFileType = sourcecode.c.h; path = b2PrismaticJoint.h; sourceTree = "<group>"; };
		15C157221683159D00D239F2 /* b2PulleyJoint.cpp */ = {isa = PBXFileReference; fileEncoding = 4; lastKnownFileType = sourcecode.cpp.cpp; path = b2PulleyJoint.cpp; sourceTree = "<group>"; };
		15C157231683159D00D239F2 /* b2PulleyJoint.h */ = {isa = PBXFileReference; fileEncoding = 4; lastKnownFileType = sourcecode.c.h; path = b2PulleyJoint.h; sourceTree = "<group>"; };
		15C157241683159D00D239F2 /* b2RevoluteJoint.cpp */ = {isa = PBXFileReference; fileEncoding = 4; lastKnownFileType = sourcecode.cpp.cpp; path = b2RevoluteJoint.cpp; sourceTree = "<group>"; };
		15C157251683159D00D239F2 /* b2RevoluteJoint.h */ = {isa = PBXFileReference; fileEncoding = 4; lastKnownFileType = sourcecode.c.h; path = b2RevoluteJoint.h; sourceTree = "<group>"; };
		15C157261683159D00D239F2 /* b2RopeJoint.cpp */ = {isa = PBXFileReference; fileEncoding = 4; lastKnownFileType = sourcecode.cpp.cpp; path = b2RopeJoint.cpp; sourceTree = "<group>"; };
		15C157271683159D00D239F2 /* b2RopeJoint.h */ = {isa = PBXFileReference; fileEncoding = 4; lastKnownFileType = sourcecode.c.h; path = b2RopeJoint.h; sourceTree = "<group>"; };
		15C157281683159D00D239F2 /* b2WeldJoint.cpp */ = {isa = PBXFileReference; fileEncoding = 4; lastKnownFileType = sourcecode.cpp.cpp; path = b2WeldJoint.cpp; sourceTree = "<group>"; };
		15C157291683159D00D239F2 /* b2WeldJoint.h */ = {isa = PBXFileReference; fileEncoding = 4; lastKnownFileType = sourcecode.c.h; path = b2WeldJoint.h; sourceTree = "<group>"; };
		15C1572A1683159D00D239F2 /* b2WheelJoint.cpp */ = {isa = PBXFileReference; fileEncoding = 4; lastKnownFileType = sourcecode.cpp.cpp; path = b2WheelJoint.cpp; sourceTree = "<group>"; };
		15C1572B1683159D00D239F2 /* b2WheelJoint.h */ = {isa = PBXFileReference; fileEncoding = 4; lastKnownFileType = sourcecode.c.h; path = b2WheelJoint.h; sourceTree = "<group>"; };
		15C157401683159D00D239F2 /* b2Rope.cpp */ = {isa = PBXFileReference; fileEncoding = 4; lastKnownFileType = sourcecode.cpp.cpp; path = b2Rope.cpp; sourceTree = "<group>"; };
		15C157411683159D00D239F2 /* b2Rope.h */ = {isa = PBXFileReference; fileEncoding = 4; lastKnownFileType = sourcecode.c.h; path = b2Rope.h; sourceTree = "<group>"; };
		15C1580E168315CE00D239F2 /* Export.h */ = {isa = PBXFileReference; fileEncoding = 4; lastKnownFileType = sourcecode.c.h; path = Export.h; sourceTree = "<group>"; };
		15C1580F168315CE00D239F2 /* SimpleAudioEngine.h */ = {isa = PBXFileReference; fileEncoding = 4; lastKnownFileType = sourcecode.c.h; path = SimpleAudioEngine.h; sourceTree = "<group>"; };
		15C64822165F391E007D4F18 /* Cocoa.framework */ = {isa = PBXFileReference; lastKnownFileType = wrapper.framework; name = Cocoa.framework; path = Platforms/MacOSX.platform/Developer/SDKs/MacOSX10.8.sdk/System/Library/Frameworks/Cocoa.framework; sourceTree = DEVELOPER_DIR; };
		15C64824165F3934007D4F18 /* OpenGL.framework */ = {isa = PBXFileReference; lastKnownFileType = wrapper.framework; name = OpenGL.framework; path = Platforms/MacOSX.platform/Developer/SDKs/MacOSX10.8.sdk/System/Library/Frameworks/OpenGL.framework; sourceTree = DEVELOPER_DIR; };
		15C64826165F394E007D4F18 /* QuartzCore.framework */ = {isa = PBXFileReference; lastKnownFileType = wrapper.framework; name = QuartzCore.framework; path = Platforms/MacOSX.platform/Developer/SDKs/MacOSX10.8.sdk/System/Library/Frameworks/QuartzCore.framework; sourceTree = DEVELOPER_DIR; };
		15C64828165F396B007D4F18 /* OpenAL.framework */ = {isa = PBXFileReference; lastKnownFileType = wrapper.framework; name = OpenAL.framework; path = Platforms/MacOSX.platform/Developer/SDKs/MacOSX10.8.sdk/System/Library/Frameworks/OpenAL.framework; sourceTree = DEVELOPER_DIR; };
		15C6482A165F3979007D4F18 /* ApplicationServices.framework */ = {isa = PBXFileReference; lastKnownFileType = wrapper.framework; name = ApplicationServices.framework; path = Platforms/MacOSX.platform/Developer/SDKs/MacOSX10.8.sdk/System/Library/Frameworks/ApplicationServices.framework; sourceTree = DEVELOPER_DIR; };
		15C6482C165F3988007D4F18 /* AudioToolbox.framework */ = {isa = PBXFileReference; lastKnownFileType = wrapper.framework; name = AudioToolbox.framework; path = Platforms/MacOSX.platform/Developer/SDKs/MacOSX10.8.sdk/System/Library/Frameworks/AudioToolbox.framework; sourceTree = DEVELOPER_DIR; };
		15C6482E165F399D007D4F18 /* libz.dylib */ = {isa = PBXFileReference; lastKnownFileType = "compiled.mach-o.dylib"; name = libz.dylib; path = Platforms/MacOSX.platform/Developer/SDKs/MacOSX10.8.sdk/usr/lib/libz.dylib; sourceTree = DEVELOPER_DIR; };
		15C64830165F39AB007D4F18 /* libxml2.dylib */ = {isa = PBXFileReference; lastKnownFileType = "compiled.mach-o.dylib"; name = libxml2.dylib; path = Platforms/MacOSX.platform/Developer/SDKs/MacOSX10.8.sdk/usr/lib/libxml2.dylib; sourceTree = DEVELOPER_DIR; };
		15C64832165F3AFD007D4F18 /* Foundation.framework */ = {isa = PBXFileReference; lastKnownFileType = wrapper.framework; name = Foundation.framework; path = Platforms/MacOSX.platform/Developer/SDKs/MacOSX10.8.sdk/System/Library/Frameworks/Foundation.framework; sourceTree = DEVELOPER_DIR; };
		15C6498616633E65007D4F18 /* libcurl.a */ = {isa = PBXFileReference; lastKnownFileType = archive.ar; name = libcurl.a; path = ../../cocos2dx/platform/third_party/ios/libraries/libcurl.a; sourceTree = "<group>"; };
		15D8B232168318C3006C7997 /* CDAudioManager.h */ = {isa = PBXFileReference; fileEncoding = 4; lastKnownFileType = sourcecode.c.h; path = CDAudioManager.h; sourceTree = "<group>"; };
		15D8B233168318C3006C7997 /* CDAudioManager.m */ = {isa = PBXFileReference; fileEncoding = 4; lastKnownFileType = sourcecode.c.objc; path = CDAudioManager.m; sourceTree = "<group>"; };
		15D8B234168318C3006C7997 /* CDConfig.h */ = {isa = PBXFileReference; fileEncoding = 4; lastKnownFileType = sourcecode.c.h; path = CDConfig.h; sourceTree = "<group>"; };
		15D8B235168318C3006C7997 /* CDOpenALSupport.h */ = {isa = PBXFileReference; fileEncoding = 4; lastKnownFileType = sourcecode.c.h; path = CDOpenALSupport.h; sourceTree = "<group>"; };
		15D8B236168318C3006C7997 /* CDOpenALSupport.m */ = {isa = PBXFileReference; fileEncoding = 4; lastKnownFileType = sourcecode.c.objc; path = CDOpenALSupport.m; sourceTree = "<group>"; };
		15D8B237168318C3006C7997 /* CDXMacOSXSupport.h */ = {isa = PBXFileReference; fileEncoding = 4; lastKnownFileType = sourcecode.c.h; path = CDXMacOSXSupport.h; sourceTree = "<group>"; };
		15D8B238168318C3006C7997 /* CDXMacOSXSupport.mm */ = {isa = PBXFileReference; fileEncoding = 4; lastKnownFileType = sourcecode.cpp.objcpp; path = CDXMacOSXSupport.mm; sourceTree = "<group>"; };
		15D8B239168318C3006C7997 /* CocosDenshion.h */ = {isa = PBXFileReference; fileEncoding = 4; lastKnownFileType = sourcecode.c.h; path = CocosDenshion.h; sourceTree = "<group>"; };
		15D8B23A168318C3006C7997 /* CocosDenshion.m */ = {isa = PBXFileReference; fileEncoding = 4; lastKnownFileType = sourcecode.c.objc; path = CocosDenshion.m; sourceTree = "<group>"; };
		15D8B23B168318C3006C7997 /* SimpleAudioEngine.mm */ = {isa = PBXFileReference; fileEncoding = 4; lastKnownFileType = sourcecode.cpp.objcpp; path = SimpleAudioEngine.mm; sourceTree = "<group>"; };
		15D8B23C168318C3006C7997 /* SimpleAudioEngine_objc.h */ = {isa = PBXFileReference; fileEncoding = 4; lastKnownFileType = sourcecode.c.h; path = SimpleAudioEngine_objc.h; sourceTree = "<group>"; };
		15D8B23D168318C3006C7997 /* SimpleAudioEngine_objc.m */ = {isa = PBXFileReference; fileEncoding = 4; lastKnownFileType = sourcecode.c.objc; path = SimpleAudioEngine_objc.m; sourceTree = "<group>"; };
		1D6058910D05DD3D006BFB54 /* OfficeRampage.app */ = {isa = PBXFileReference; explicitFileType = wrapper.application; includeInIndex = 0; path = OfficeRampage.app; sourceTree = BUILT_PRODUCTS_DIR; };
		41BC70D915BF81A5006A0A6C /* AppController.h */ = {isa = PBXFileReference; fileEncoding = 4; lastKnownFileType = sourcecode.c.h; path = AppController.h; sourceTree = SOURCE_ROOT; };
		41BC70DA15BF81A5006A0A6C /* AppController.mm */ = {isa = PBXFileReference; fileEncoding = 4; lastKnownFileType = sourcecode.cpp.objcpp; path = AppController.mm; sourceTree = SOURCE_ROOT; };
		41BC70DD15BF81A5006A0A6C /* en */ = {isa = PBXFileReference; lastKnownFileType = text.plist.strings; name = en; path = InfoPlist.strings; sourceTree = "<group>"; };
		41BC70DF15BF81A5006A0A6C /* en */ = {isa = PBXFileReference; lastKnownFileType = file.xib; name = en; path = MainMenu.xib; sourceTree = "<group>"; };
		41BC70E015BF81A5006A0A6C /* Icon.icns */ = {isa = PBXFileReference; lastKnownFileType = image.icns; path = Icon.icns; sourceTree = SOURCE_ROOT; };
		41BC70E115BF81A5006A0A6C /* main.m */ = {isa = PBXFileReference; fileEncoding = 4; lastKnownFileType = sourcecode.c.objc; path = main.m; sourceTree = SOURCE_ROOT; };
		41BC70E215BF81A5006A0A6C /* Info.plist */ = {isa = PBXFileReference; fileEncoding = 4; lastKnownFileType = text.plist.xml; path = Info.plist; sourceTree = SOURCE_ROOT; };
		41BC70E315BF81A5006A0A6C /* Prefix.pch */ = {isa = PBXFileReference; fileEncoding = 4; lastKnownFileType = sourcecode.c.h; path = Prefix.pch; sourceTree = SOURCE_ROOT; };
		6202BCEA17A87F8C002A9751 /* AppDelegate.cpp */ = {isa = PBXFileReference; fileEncoding = 4; lastKnownFileType = sourcecode.cpp.cpp; name = AppDelegate.cpp; path = ../../CampJam2013/Classes/AppDelegate.cpp; sourceTree = "<group>"; };
		6202BCEB17A87F8C002A9751 /* AppDelegate.h */ = {isa = PBXFileReference; fileEncoding = 4; lastKnownFileType = sourcecode.c.h; name = AppDelegate.h; path = ../../CampJam2013/Classes/AppDelegate.h; sourceTree = "<group>"; };
		6202BCED17A87F8C002A9751 /* B2DebugDrawLayer.cpp */ = {isa = PBXFileReference; fileEncoding = 4; lastKnownFileType = sourcecode.cpp.cpp; path = B2DebugDrawLayer.cpp; sourceTree = "<group>"; };
		6202BCEE17A87F8C002A9751 /* B2DebugDrawLayer.h */ = {isa = PBXFileReference; fileEncoding = 4; lastKnownFileType = sourcecode.c.h; path = B2DebugDrawLayer.h; sourceTree = "<group>"; };
		6202BCEF17A87F8C002A9751 /* GLES-Render.cpp */ = {isa = PBXFileReference; fileEncoding = 4; lastKnownFileType = sourcecode.cpp.cpp; path = "GLES-Render.cpp"; sourceTree = "<group>"; };
		6202BCF017A87F8C002A9751 /* GLES-Render.h */ = {isa = PBXFileReference; fileEncoding = 4; lastKnownFileType = sourcecode.c.h; path = "GLES-Render.h"; sourceTree = "<group>"; };
		6202BCF117A87F8C002A9751 /* BAContactListener.cpp */ = {isa = PBXFileReference; fileEncoding = 4; lastKnownFileType = sourcecode.cpp.cpp; name = BAContactListener.cpp; path = ../../CampJam2013/Classes/BAContactListener.cpp; sourceTree = "<group>"; };
		6202BCF217A87F8C002A9751 /* BAContactListener.h */ = {isa = PBXFileReference; fileEncoding = 4; lastKnownFileType = sourcecode.c.h; name = BAContactListener.h; path = ../../CampJam2013/Classes/BAContactListener.h; sourceTree = "<group>"; };
		6202BCF317A87F8C002A9751 /* BaseLayer.cpp */ = {isa = PBXFileReference; fileEncoding = 4; lastKnownFileType = sourcecode.cpp.cpp; name = BaseLayer.cpp; path = ../../CampJam2013/Classes/BaseLayer.cpp; sourceTree = "<group>"; };
		6202BCF417A87F8C002A9751 /* BaseLayer.h */ = {isa = PBXFileReference; fileEncoding = 4; lastKnownFileType = sourcecode.c.h; name = BaseLayer.h; path = ../../CampJam2013/Classes/BaseLayer.h; sourceTree = "<group>"; };
		6202BCF517A87F8C002A9751 /* CoffeeBar.cpp */ = {isa = PBXFileReference; fileEncoding = 4; lastKnownFileType = sourcecode.cpp.cpp; name = CoffeeBar.cpp; path = ../../CampJam2013/Classes/CoffeeBar.cpp; sourceTree = "<group>"; };
		6202BCF617A87F8C002A9751 /* CoffeeBar.h */ = {isa = PBXFileReference; fileEncoding = 4; lastKnownFileType = sourcecode.c.h; name = CoffeeBar.h; path = ../../CampJam2013/Classes/CoffeeBar.h; sourceTree = "<group>"; };
		6202BCF717A87F8C002A9751 /* Common.h */ = {isa = PBXFileReference; fileEncoding = 4; lastKnownFileType = sourcecode.c.h; name = Common.h; path = ../../CampJam2013/Classes/Common.h; sourceTree = "<group>"; };
		6202BCFA17A87F8C002A9751 /* Coffee.cpp */ = {isa = PBXFileReference; fileEncoding = 4; lastKnownFileType = sourcecode.cpp.cpp; path = Coffee.cpp; sourceTree = "<group>"; };
		6202BCFB17A87F8C002A9751 /* Coffee.h */ = {isa = PBXFileReference; fileEncoding = 4; lastKnownFileType = sourcecode.c.h; path = Coffee.h; sourceTree = "<group>"; };
		6202BCFC17A87F8C002A9751 /* Collectable.cpp */ = {isa = PBXFileReference; fileEncoding = 4; lastKnownFileType = sourcecode.cpp.cpp; path = Collectable.cpp; sourceTree = "<group>"; };
		6202BCFD17A87F8C002A9751 /* Collectable.h */ = {isa = PBXFileReference; fileEncoding = 4; lastKnownFileType = sourcecode.c.h; path = Collectable.h; sourceTree = "<group>"; };
		6202BCFE17A87F8C002A9751 /* Donut.cpp */ = {isa = PBXFileReference; fileEncoding = 4; lastKnownFileType = sourcecode.cpp.cpp; path = Donut.cpp; sourceTree = "<group>"; };
		6202BCFF17A87F8C002A9751 /* Donut.h */ = {isa = PBXFileReference; fileEncoding = 4; lastKnownFileType = sourcecode.c.h; path = Donut.h; sourceTree = "<group>"; };
		6202BD0017A87F8C002A9751 /* PeaBerry.cpp */ = {isa = PBXFileReference; fileEncoding = 4; lastKnownFileType = sourcecode.cpp.cpp; path = PeaBerry.cpp; sourceTree = "<group>"; };
		6202BD0117A87F8C002A9751 /* PeaBerry.h */ = {isa = PBXFileReference; fileEncoding = 4; lastKnownFileType = sourcecode.c.h; path = PeaBerry.h; sourceTree = "<group>"; };
		6202BD0217A87F8C002A9751 /* Water.cpp */ = {isa = PBXFileReference; fileEncoding = 4; lastKnownFileType = sourcecode.cpp.cpp; path = Water.cpp; sourceTree = "<group>"; };
		6202BD0317A87F8C002A9751 /* Water.h */ = {isa = PBXFileReference; fileEncoding = 4; lastKnownFileType = sourcecode.c.h; path = Water.h; sourceTree = "<group>"; };
		6202BD0417A87F8C002A9751 /* CollectableSpawnPoint.cpp */ = {isa = PBXFileReference; fileEncoding = 4; lastKnownFileType = sourcecode.cpp.cpp; path = CollectableSpawnPoint.cpp; sourceTree = "<group>"; };
		6202BD0517A87F8C002A9751 /* CollectableSpawnPoint.h */ = {isa = PBXFileReference; fileEncoding = 4; lastKnownFileType = sourcecode.c.h; path = CollectableSpawnPoint.h; sourceTree = "<group>"; };
		6202BD0717A87F8C002A9751 /* Enemy.cpp */ = {isa = PBXFileReference; fileEncoding = 4; lastKnownFileType = sourcecode.cpp.cpp; path = Enemy.cpp; sourceTree = "<group>"; };
		6202BD0817A87F8C002A9751 /* Enemy.h */ = {isa = PBXFileReference; fileEncoding = 4; lastKnownFileType = sourcecode.c.h; path = Enemy.h; sourceTree = "<group>"; };
		6202BD0917A87F8C002A9751 /* Man.cpp */ = {isa = PBXFileReference; fileEncoding = 4; lastKnownFileType = sourcecode.cpp.cpp; path = Man.cpp; sourceTree = "<group>"; };
		6202BD0A17A87F8C002A9751 /* Man.h */ = {isa = PBXFileReference; fileEncoding = 4; lastKnownFileType = sourcecode.c.h; path = Man.h; sourceTree = "<group>"; };
		6202BD0B17A87F8C002A9751 /* Manager.cpp */ = {isa = PBXFileReference; fileEncoding = 4; lastKnownFileType = sourcecode.cpp.cpp; path = Manager.cpp; sourceTree = "<group>"; };
		6202BD0C17A87F8C002A9751 /* Manager.h */ = {isa = PBXFileReference; fileEncoding = 4; lastKnownFileType = sourcecode.c.h; path = Manager.h; sourceTree = "<group>"; };
		6202BD0D17A87F8C002A9751 /* Woman.cpp */ = {isa = PBXFileReference; fileEncoding = 4; lastKnownFileType = sourcecode.cpp.cpp; path = Woman.cpp; sourceTree = "<group>"; };
		6202BD0E17A87F8C002A9751 /* Woman.h */ = {isa = PBXFileReference; fileEncoding = 4; lastKnownFileType = sourcecode.c.h; path = Woman.h; sourceTree = "<group>"; };
		6202BD0F17A87F8C002A9751 /* EnemySpawnPoint.cpp */ = {isa = PBXFileReference; fileEncoding = 4; lastKnownFileType = sourcecode.cpp.cpp; path = EnemySpawnPoint.cpp; sourceTree = "<group>"; };
		6202BD1017A87F8C002A9751 /* EnemySpawnPoint.h */ = {isa = PBXFileReference; fileEncoding = 4; lastKnownFileType = sourcecode.c.h; path = EnemySpawnPoint.h; sourceTree = "<group>"; };
		6202BD1117A87F8C002A9751 /* Player.cpp */ = {isa = PBXFileReference; fileEncoding = 4; lastKnownFileType = sourcecode.cpp.cpp; path = Player.cpp; sourceTree = "<group>"; };
		6202BD1217A87F8C002A9751 /* Player.h */ = {isa = PBXFileReference; fileEncoding = 4; lastKnownFileType = sourcecode.c.h; path = Player.h; sourceTree = "<group>"; };
		6202BD1417A87F8C002A9751 /* BossDesk.cpp */ = {isa = PBXFileReference; fileEncoding = 4; lastKnownFileType = sourcecode.cpp.cpp; path = BossDesk.cpp; sourceTree = "<group>"; };
		6202BD1517A87F8C002A9751 /* BossDesk.h */ = {isa = PBXFileReference; fileEncoding = 4; lastKnownFileType = sourcecode.c.h; path = BossDesk.h; sourceTree = "<group>"; };
		6202BD1617A87F8C002A9751 /* Document.cpp */ = {isa = PBXFileReference; fileEncoding = 4; lastKnownFileType = sourcecode.cpp.cpp; path = Document.cpp; sourceTree = "<group>"; };
		6202BD1717A87F8C002A9751 /* Document.h */ = {isa = PBXFileReference; fileEncoding = 4; lastKnownFileType = sourcecode.c.h; path = Document.h; sourceTree = "<group>"; };
		6202BD1817A87F8C002A9751 /* EmptyPaper.cpp */ = {isa = PBXFileReference; fileEncoding = 4; lastKnownFileType = sourcecode.cpp.cpp; path = EmptyPaper.cpp; sourceTree = "<group>"; };
		6202BD1917A87F8C002A9751 /* EmptyPaper.h */ = {isa = PBXFileReference; fileEncoding = 4; lastKnownFileType = sourcecode.c.h; path = EmptyPaper.h; sourceTree = "<group>"; };
		6202BD1A17A87F8C002A9751 /* Printer.cpp */ = {isa = PBXFileReference; fileEncoding = 4; lastKnownFileType = sourcecode.cpp.cpp; path = Printer.cpp; sourceTree = "<group>"; };
		6202BD1B17A87F8C002A9751 /* Printer.h */ = {isa = PBXFileReference; fileEncoding = 4; lastKnownFileType = sourcecode.c.h; path = Printer.h; sourceTree = "<group>"; };
		6202BD1C17A87F8C002A9751 /* GameObject.cpp */ = {isa = PBXFileReference; fileEncoding = 4; lastKnownFileType = sourcecode.cpp.cpp; name = GameObject.cpp; path = ../../CampJam2013/Classes/GameObject.cpp; sourceTree = "<group>"; };
		6202BD1D17A87F8C002A9751 /* GameObject.h */ = {isa = PBXFileReference; fileEncoding = 4; lastKnownFileType = sourcecode.c.h; name = GameObject.h; path = ../../CampJam2013/Classes/GameObject.h; sourceTree = "<group>"; };
		6202BD1E17A87F8C002A9751 /* GamePlay.cpp */ = {isa = PBXFileReference; fileEncoding = 4; lastKnownFileType = sourcecode.cpp.cpp; name = GamePlay.cpp; path = ../../CampJam2013/Classes/GamePlay.cpp; sourceTree = "<group>"; };
		6202BD1F17A87F8C002A9751 /* GamePlay.h */ = {isa = PBXFileReference; fileEncoding = 4; lastKnownFileType = sourcecode.c.h; name = GamePlay.h; path = ../../CampJam2013/Classes/GamePlay.h; sourceTree = "<group>"; };
		6202BD2017A87F8C002A9751 /* HealthBar.cpp */ = {isa = PBXFileReference; fileEncoding = 4; lastKnownFileType = sourcecode.cpp.cpp; name = HealthBar.cpp; path = ../../CampJam2013/Classes/HealthBar.cpp; sourceTree = "<group>"; };
		6202BD2117A87F8C002A9751 /* HealthBar.h */ = {isa = PBXFileReference; fileEncoding = 4; lastKnownFileType = sourcecode.c.h; name = HealthBar.h; path = ../../CampJam2013/Classes/HealthBar.h; sourceTree = "<group>"; };
		6202BD2317A87F8C002A9751 /* GameoverScene.cpp */ = {isa = PBXFileReference; fileEncoding = 4; lastKnownFileType = sourcecode.cpp.cpp; path = GameoverScene.cpp; sourceTree = "<group>"; };
		6202BD2417A87F8C002A9751 /* GameoverScene.h */ = {isa = PBXFileReference; fileEncoding = 4; lastKnownFileType = sourcecode.c.h; path = GameoverScene.h; sourceTree = "<group>"; };
		6202BD2517A87F8C002A9751 /* TitleScene.cpp */ = {isa = PBXFileReference; fileEncoding = 4; lastKnownFileType = sourcecode.cpp.cpp; path = TitleScene.cpp; sourceTree = "<group>"; };
		6202BD2617A87F8C002A9751 /* TitleScene.h */ = {isa = PBXFileReference; fileEncoding = 4; lastKnownFileType = sourcecode.c.h; path = TitleScene.h; sourceTree = "<group>"; };
		6202BD2717A87F8C002A9751 /* ScoreLayer.cpp */ = {isa = PBXFileReference; fileEncoding = 4; lastKnownFileType = sourcecode.cpp.cpp; name = ScoreLayer.cpp; path = ../../CampJam2013/Classes/ScoreLayer.cpp; sourceTree = "<group>"; };
		6202BD2817A87F8C002A9751 /* ScoreLayer.h */ = {isa = PBXFileReference; fileEncoding = 4; lastKnownFileType = sourcecode.c.h; name = ScoreLayer.h; path = ../../CampJam2013/Classes/ScoreLayer.h; sourceTree = "<group>"; };
		6202BD4517A87FC7002A9751 /* Characters.plist */ = {isa = PBXFileReference; fileEncoding = 4; lastKnownFileType = text.plist.xml; name = Characters.plist; path = ../../CampJam2013/Resources/Characters.plist; sourceTree = "<group>"; };
		6202BD4617A87FC7002A9751 /* Characters.png */ = {isa = PBXFileReference; lastKnownFileType = image.png; name = Characters.png; path = ../../CampJam2013/Resources/Characters.png; sourceTree = "<group>"; };
		6202BD4717A87FC7002A9751 /* credits.png */ = {isa = PBXFileReference; lastKnownFileType = image.png; name = credits.png; path = ../../CampJam2013/Resources/credits.png; sourceTree = "<group>"; };
		6202BD4817A87FC7002A9751 /* death_man.wav */ = {isa = PBXFileReference; lastKnownFileType = audio.wav; name = death_man.wav; path = ../../CampJam2013/Resources/death_man.wav; sourceTree = "<group>"; };
		6202BD4917A87FC7002A9751 /* death_manager.wav */ = {isa = PBXFileReference; lastKnownFileType = audio.wav; name = death_manager.wav; path = ../../CampJam2013/Resources/death_manager.wav; sourceTree = "<group>"; };
		6202BD4A17A87FC7002A9751 /* death_woman.wav */ = {isa = PBXFileReference; lastKnownFileType = audio.wav; name = death_woman.wav; path = ../../CampJam2013/Resources/death_woman.wav; sourceTree = "<group>"; };
		6202BD4B17A87FC7002A9751 /* donut_eating.wav */ = {isa = PBXFileReference; lastKnownFileType = audio.wav; name = donut_eating.wav; path = ../../CampJam2013/Resources/donut_eating.wav; sourceTree = "<group>"; };
		6202BD4C17A87FC7002A9751 /* drinked_coffee.wav */ = {isa = PBXFileReference; lastKnownFileType = audio.wav; name = drinked_coffee.wav; path = ../../CampJam2013/Resources/drinked_coffee.wav; sourceTree = "<group>"; };
		6202BD4D17A87FC7002A9751 /* gameover.jpg */ = {isa = PBXFileReference; lastKnownFileType = image.jpeg; name = gameover.jpg; path = ../../CampJam2013/Resources/gameover.jpg; sourceTree = "<group>"; };
		6202BD4E17A87FC7002A9751 /* gettowork.png */ = {isa = PBXFileReference; lastKnownFileType = image.png; name = gettowork.png; path = ../../CampJam2013/Resources/gettowork.png; sourceTree = "<group>"; };
		6202BD4F17A87FC7002A9751 /* main_bgm.wav */ = {isa = PBXFileReference; lastKnownFileType = audio.wav; name = main_bgm.wav; path = ../../CampJam2013/Resources/main_bgm.wav; sourceTree = "<group>"; };
		6202BD5017A87FC7002A9751 /* main.tmx */ = {isa = PBXFileReference; fileEncoding = 4; lastKnownFileType = text.xml; name = main.tmx; path = ../../CampJam2013/Resources/main.tmx; sourceTree = "<group>"; };
		6202BD5117A87FC7002A9751 /* MainFont.fnt */ = {isa = PBXFileReference; fileEncoding = 4; lastKnownFileType = text; name = MainFont.fnt; path = ../../CampJam2013/Resources/MainFont.fnt; sourceTree = "<group>"; };
		6202BD5217A87FC7002A9751 /* MainFont.png */ = {isa = PBXFileReference; lastKnownFileType = image.png; name = MainFont.png; path = ../../CampJam2013/Resources/MainFont.png; sourceTree = "<group>"; };
		6202BD5317A87FC7002A9751 /* officerampage.png */ = {isa = PBXFileReference; lastKnownFileType = image.png; name = officerampage.png; path = ../../CampJam2013/Resources/officerampage.png; sourceTree = "<group>"; };
		6202BD5417A87FC7002A9751 /* paper.wav */ = {isa = PBXFileReference; lastKnownFileType = audio.wav; name = paper.wav; path = ../../CampJam2013/Resources/paper.wav; sourceTree = "<group>"; };
		6202BD5517A87FC7002A9751 /* player_hit.wav */ = {isa = PBXFileReference; lastKnownFileType = audio.wav; name = player_hit.wav; path = ../../CampJam2013/Resources/player_hit.wav; sourceTree = "<group>"; };
		6202BD5617A87FC7002A9751 /* printer.wav */ = {isa = PBXFileReference; lastKnownFileType = audio.wav; name = printer.wav; path = ../../CampJam2013/Resources/printer.wav; sourceTree = "<group>"; };
		6202BD5717A87FC7002A9751 /* return.png */ = {isa = PBXFileReference; lastKnownFileType = image.png; name = return.png; path = ../../CampJam2013/Resources/return.png; sourceTree = "<group>"; };
		6202BD5817A87FC7002A9751 /* startover.png */ = {isa = PBXFileReference; lastKnownFileType = image.png; name = startover.png; path = ../../CampJam2013/Resources/startover.png; sourceTree = "<group>"; };
		6202BD5917A87FC7002A9751 /* tiles.png */ = {isa = PBXFileReference; lastKnownFileType = image.png; name = tiles.png; path = ../../CampJam2013/Resources/tiles.png; sourceTree = "<group>"; };
		6202BD5A17A87FC7002A9751 /* title_bgm.mp3 */ = {isa = PBXFileReference; lastKnownFileType = audio.mp3; name = title_bgm.mp3; path = ../../CampJam2013/Resources/title_bgm.mp3; sourceTree = "<group>"; };
		6202BD5B17A87FC7002A9751 /* wilhem.wav */ = {isa = PBXFileReference; lastKnownFileType = audio.wav; name = wilhem.wav; path = ../../CampJam2013/Resources/wilhem.wav; sourceTree = "<group>"; };
/* End PBXFileReference section */

/* Begin PBXFrameworksBuildPhase section */
		1D60588F0D05DD3D006BFB54 /* Frameworks */ = {
			isa = PBXFrameworksBuildPhase;
			buildActionMask = 2147483647;
			files = (
				15C159531683161A00D239F2 /* libcocos2dx.a in Frameworks */,
				15C6498716633E65007D4F18 /* libcurl.a in Frameworks */,
				15C64833165F3AFD007D4F18 /* Foundation.framework in Frameworks */,
				15C64831165F39AB007D4F18 /* libxml2.dylib in Frameworks */,
				15C6482F165F399D007D4F18 /* libz.dylib in Frameworks */,
				15C6482D165F3988007D4F18 /* AudioToolbox.framework in Frameworks */,
				15C6482B165F3979007D4F18 /* ApplicationServices.framework in Frameworks */,
				15C64829165F396B007D4F18 /* OpenAL.framework in Frameworks */,
				15C64827165F394E007D4F18 /* QuartzCore.framework in Frameworks */,
				15C64825165F3934007D4F18 /* OpenGL.framework in Frameworks */,
				15C64823165F391E007D4F18 /* Cocoa.framework in Frameworks */,
			);
			runOnlyForDeploymentPostprocessing = 0;
		};
/* End PBXFrameworksBuildPhase section */

/* Begin PBXGroup section */
		15AA9C4015B7EC450033D6C2 /* Classes */ = {
			isa = PBXGroup;
			children = (
				6202BCEA17A87F8C002A9751 /* AppDelegate.cpp */,
				6202BCEB17A87F8C002A9751 /* AppDelegate.h */,
				6202BCEC17A87F8C002A9751 /* B2DebugDraw */,
				6202BCF117A87F8C002A9751 /* BAContactListener.cpp */,
				6202BCF217A87F8C002A9751 /* BAContactListener.h */,
				6202BCF317A87F8C002A9751 /* BaseLayer.cpp */,
				6202BCF417A87F8C002A9751 /* BaseLayer.h */,
				6202BCF517A87F8C002A9751 /* CoffeeBar.cpp */,
				6202BCF617A87F8C002A9751 /* CoffeeBar.h */,
				6202BCF717A87F8C002A9751 /* Common.h */,
				6202BCF817A87F8C002A9751 /* Entities */,
				6202BD1C17A87F8C002A9751 /* GameObject.cpp */,
				6202BD1D17A87F8C002A9751 /* GameObject.h */,
				6202BD1E17A87F8C002A9751 /* GamePlay.cpp */,
				6202BD1F17A87F8C002A9751 /* GamePlay.h */,
				6202BD2017A87F8C002A9751 /* HealthBar.cpp */,
				6202BD2117A87F8C002A9751 /* HealthBar.h */,
				6202BD2217A87F8C002A9751 /* Scenes */,
				6202BD2717A87F8C002A9751 /* ScoreLayer.cpp */,
				6202BD2817A87F8C002A9751 /* ScoreLayer.h */,
			);
			name = Classes;
			path = ../classes;
			sourceTree = "<group>";
		};
		15C156C31683158700D239F2 /* Products */ = {
			isa = PBXGroup;
			children = (
				15C156CA1683158700D239F2 /* libcocos2dx.a */,
			);
			name = Products;
			sourceTree = "<group>";
		};
		15C156CB1683159D00D239F2 /* Box2D */ = {
			isa = PBXGroup;
			children = (
				15C156CD1683159D00D239F2 /* Box2D.h */,
				15C156CE1683159D00D239F2 /* Collision */,
				15C156E61683159D00D239F2 /* Common */,
				15C156F41683159D00D239F2 /* Dynamics */,
				15C1573F1683159D00D239F2 /* Rope */,
			);
			name = Box2D;
			path = ../../../external/Box2D;
			sourceTree = "<group>";
		};
		15C156CE1683159D00D239F2 /* Collision */ = {
			isa = PBXGroup;
			children = (
				15C156CF1683159D00D239F2 /* b2BroadPhase.cpp */,
				15C156D01683159D00D239F2 /* b2BroadPhase.h */,
				15C156D11683159D00D239F2 /* b2CollideCircle.cpp */,
				15C156D21683159D00D239F2 /* b2CollideEdge.cpp */,
				15C156D31683159D00D239F2 /* b2CollidePolygon.cpp */,
				15C156D41683159D00D239F2 /* b2Collision.cpp */,
				15C156D51683159D00D239F2 /* b2Collision.h */,
				15C156D61683159D00D239F2 /* b2Distance.cpp */,
				15C156D71683159D00D239F2 /* b2Distance.h */,
				15C156D81683159D00D239F2 /* b2DynamicTree.cpp */,
				15C156D91683159D00D239F2 /* b2DynamicTree.h */,
				15C156DA1683159D00D239F2 /* b2TimeOfImpact.cpp */,
				15C156DB1683159D00D239F2 /* b2TimeOfImpact.h */,
				15C156DC1683159D00D239F2 /* Shapes */,
			);
			path = Collision;
			sourceTree = "<group>";
		};
		15C156DC1683159D00D239F2 /* Shapes */ = {
			isa = PBXGroup;
			children = (
				15C156DD1683159D00D239F2 /* b2ChainShape.cpp */,
				15C156DE1683159D00D239F2 /* b2ChainShape.h */,
				15C156DF1683159D00D239F2 /* b2CircleShape.cpp */,
				15C156E01683159D00D239F2 /* b2CircleShape.h */,
				15C156E11683159D00D239F2 /* b2EdgeShape.cpp */,
				15C156E21683159D00D239F2 /* b2EdgeShape.h */,
				15C156E31683159D00D239F2 /* b2PolygonShape.cpp */,
				15C156E41683159D00D239F2 /* b2PolygonShape.h */,
				15C156E51683159D00D239F2 /* b2Shape.h */,
			);
			path = Shapes;
			sourceTree = "<group>";
		};
		15C156E61683159D00D239F2 /* Common */ = {
			isa = PBXGroup;
			children = (
				15C156E71683159D00D239F2 /* b2BlockAllocator.cpp */,
				15C156E81683159D00D239F2 /* b2BlockAllocator.h */,
				15C156E91683159D00D239F2 /* b2Draw.cpp */,
				15C156EA1683159D00D239F2 /* b2Draw.h */,
				15C156EB1683159D00D239F2 /* b2GrowableStack.h */,
				15C156EC1683159D00D239F2 /* b2Math.cpp */,
				15C156ED1683159D00D239F2 /* b2Math.h */,
				15C156EE1683159D00D239F2 /* b2Settings.cpp */,
				15C156EF1683159D00D239F2 /* b2Settings.h */,
				15C156F01683159D00D239F2 /* b2StackAllocator.cpp */,
				15C156F11683159D00D239F2 /* b2StackAllocator.h */,
				15C156F21683159D00D239F2 /* b2Timer.cpp */,
				15C156F31683159D00D239F2 /* b2Timer.h */,
			);
			path = Common;
			sourceTree = "<group>";
		};
		15C156F41683159D00D239F2 /* Dynamics */ = {
			isa = PBXGroup;
			children = (
				15C156F51683159D00D239F2 /* b2Body.cpp */,
				15C156F61683159D00D239F2 /* b2Body.h */,
				15C156F71683159D00D239F2 /* b2ContactManager.cpp */,
				15C156F81683159D00D239F2 /* b2ContactManager.h */,
				15C156F91683159D00D239F2 /* b2Fixture.cpp */,
				15C156FA1683159D00D239F2 /* b2Fixture.h */,
				15C156FB1683159D00D239F2 /* b2Island.cpp */,
				15C156FC1683159D00D239F2 /* b2Island.h */,
				15C156FD1683159D00D239F2 /* b2TimeStep.h */,
				15C156FE1683159D00D239F2 /* b2World.cpp */,
				15C156FF1683159D00D239F2 /* b2World.h */,
				15C157001683159D00D239F2 /* b2WorldCallbacks.cpp */,
				15C157011683159D00D239F2 /* b2WorldCallbacks.h */,
				15C157021683159D00D239F2 /* Contacts */,
				15C157151683159D00D239F2 /* Joints */,
			);
			path = Dynamics;
			sourceTree = "<group>";
		};
		15C157021683159D00D239F2 /* Contacts */ = {
			isa = PBXGroup;
			children = (
				15C157031683159D00D239F2 /* b2ChainAndCircleContact.cpp */,
				15C157041683159D00D239F2 /* b2ChainAndCircleContact.h */,
				15C157051683159D00D239F2 /* b2ChainAndPolygonContact.cpp */,
				15C157061683159D00D239F2 /* b2ChainAndPolygonContact.h */,
				15C157071683159D00D239F2 /* b2CircleContact.cpp */,
				15C157081683159D00D239F2 /* b2CircleContact.h */,
				15C157091683159D00D239F2 /* b2Contact.cpp */,
				15C1570A1683159D00D239F2 /* b2Contact.h */,
				15C1570B1683159D00D239F2 /* b2ContactSolver.cpp */,
				15C1570C1683159D00D239F2 /* b2ContactSolver.h */,
				15C1570D1683159D00D239F2 /* b2EdgeAndCircleContact.cpp */,
				15C1570E1683159D00D239F2 /* b2EdgeAndCircleContact.h */,
				15C1570F1683159D00D239F2 /* b2EdgeAndPolygonContact.cpp */,
				15C157101683159D00D239F2 /* b2EdgeAndPolygonContact.h */,
				15C157111683159D00D239F2 /* b2PolygonAndCircleContact.cpp */,
				15C157121683159D00D239F2 /* b2PolygonAndCircleContact.h */,
				15C157131683159D00D239F2 /* b2PolygonContact.cpp */,
				15C157141683159D00D239F2 /* b2PolygonContact.h */,
			);
			path = Contacts;
			sourceTree = "<group>";
		};
		15C157151683159D00D239F2 /* Joints */ = {
			isa = PBXGroup;
			children = (
				15C157161683159D00D239F2 /* b2DistanceJoint.cpp */,
				15C157171683159D00D239F2 /* b2DistanceJoint.h */,
				15C157181683159D00D239F2 /* b2FrictionJoint.cpp */,
				15C157191683159D00D239F2 /* b2FrictionJoint.h */,
				15C1571A1683159D00D239F2 /* b2GearJoint.cpp */,
				15C1571B1683159D00D239F2 /* b2GearJoint.h */,
				15C1571C1683159D00D239F2 /* b2Joint.cpp */,
				15C1571D1683159D00D239F2 /* b2Joint.h */,
				15C1571E1683159D00D239F2 /* b2MouseJoint.cpp */,
				15C1571F1683159D00D239F2 /* b2MouseJoint.h */,
				15C157201683159D00D239F2 /* b2PrismaticJoint.cpp */,
				15C157211683159D00D239F2 /* b2PrismaticJoint.h */,
				15C157221683159D00D239F2 /* b2PulleyJoint.cpp */,
				15C157231683159D00D239F2 /* b2PulleyJoint.h */,
				15C157241683159D00D239F2 /* b2RevoluteJoint.cpp */,
				15C157251683159D00D239F2 /* b2RevoluteJoint.h */,
				15C157261683159D00D239F2 /* b2RopeJoint.cpp */,
				15C157271683159D00D239F2 /* b2RopeJoint.h */,
				15C157281683159D00D239F2 /* b2WeldJoint.cpp */,
				15C157291683159D00D239F2 /* b2WeldJoint.h */,
				15C1572A1683159D00D239F2 /* b2WheelJoint.cpp */,
				15C1572B1683159D00D239F2 /* b2WheelJoint.h */,
			);
			path = Joints;
			sourceTree = "<group>";
		};
		15C1573F1683159D00D239F2 /* Rope */ = {
			isa = PBXGroup;
			children = (
				15C157401683159D00D239F2 /* b2Rope.cpp */,
				15C157411683159D00D239F2 /* b2Rope.h */,
			);
			path = Rope;
			sourceTree = "<group>";
		};
		15C157F7168315CE00D239F2 /* CocosDenshion */ = {
			isa = PBXGroup;
			children = (
				15D8B231168318C3006C7997 /* mac */,
				15C1580D168315CE00D239F2 /* include */,
			);
			name = CocosDenshion;
			path = ../../../CocosDenshion;
			sourceTree = "<group>";
		};
		15C1580D168315CE00D239F2 /* include */ = {
			isa = PBXGroup;
			children = (
				15C1580E168315CE00D239F2 /* Export.h */,
				15C1580F168315CE00D239F2 /* SimpleAudioEngine.h */,
			);
			path = include;
			sourceTree = "<group>";
		};
		15D8B231168318C3006C7997 /* mac */ = {
			isa = PBXGroup;
			children = (
				15D8B232168318C3006C7997 /* CDAudioManager.h */,
				15D8B233168318C3006C7997 /* CDAudioManager.m */,
				15D8B234168318C3006C7997 /* CDConfig.h */,
				15D8B235168318C3006C7997 /* CDOpenALSupport.h */,
				15D8B236168318C3006C7997 /* CDOpenALSupport.m */,
				15D8B237168318C3006C7997 /* CDXMacOSXSupport.h */,
				15D8B238168318C3006C7997 /* CDXMacOSXSupport.mm */,
				15D8B239168318C3006C7997 /* CocosDenshion.h */,
				15D8B23A168318C3006C7997 /* CocosDenshion.m */,
				15D8B23B168318C3006C7997 /* SimpleAudioEngine.mm */,
				15D8B23C168318C3006C7997 /* SimpleAudioEngine_objc.h */,
				15D8B23D168318C3006C7997 /* SimpleAudioEngine_objc.m */,
			);
			path = mac;
			sourceTree = "<group>";
		};
		19C28FACFE9D520D11CA2CBB /* Products */ = {
			isa = PBXGroup;
			children = (
				1D6058910D05DD3D006BFB54 /* OfficeRampage.app */,
			);
			name = Products;
			sourceTree = "<group>";
		};
		29B97314FDCFA39411CA2CEA /* CustomTemplate */ = {
			isa = PBXGroup;
			children = (
				15C156C21683158700D239F2 /* cocos2dx.xcodeproj */,
				15C156CB1683159D00D239F2 /* Box2D */,
				15AA9C4015B7EC450033D6C2 /* Classes */,
				15C157F7168315CE00D239F2 /* CocosDenshion */,
				29B97323FDCFA39411CA2CEA /* Frameworks */,
				41BC70D815BF818D006A0A6C /* mac */,
				19C28FACFE9D520D11CA2CBB /* Products */,
				78C7DDAA14EBA5050085D0C2 /* Resources */,
			);
			name = CustomTemplate;
			sourceTree = "<group>";
		};
		29B97323FDCFA39411CA2CEA /* Frameworks */ = {
			isa = PBXGroup;
			children = (
				15C6498616633E65007D4F18 /* libcurl.a */,
				15C64830165F39AB007D4F18 /* libxml2.dylib */,
				15C6482E165F399D007D4F18 /* libz.dylib */,
				15C6482C165F3988007D4F18 /* AudioToolbox.framework */,
				15C6482A165F3979007D4F18 /* ApplicationServices.framework */,
				15C64828165F396B007D4F18 /* OpenAL.framework */,
				15C64826165F394E007D4F18 /* QuartzCore.framework */,
				15C64824165F3934007D4F18 /* OpenGL.framework */,
				15C64822165F391E007D4F18 /* Cocoa.framework */,
				15C64832165F3AFD007D4F18 /* Foundation.framework */,
			);
			name = Frameworks;
			sourceTree = "<group>";
		};
		41BC70D815BF818D006A0A6C /* mac */ = {
			isa = PBXGroup;
			children = (
				41BC70D915BF81A5006A0A6C /* AppController.h */,
				41BC70DA15BF81A5006A0A6C /* AppController.mm */,
				41BC70DB15BF81A5006A0A6C /* en.lproj */,
				41BC70E015BF81A5006A0A6C /* Icon.icns */,
				41BC70E115BF81A5006A0A6C /* main.m */,
				41BC70E215BF81A5006A0A6C /* Info.plist */,
				41BC70E315BF81A5006A0A6C /* Prefix.pch */,
			);
			name = mac;
			path = ../Resources;
			sourceTree = "<group>";
		};
		41BC70DB15BF81A5006A0A6C /* en.lproj */ = {
			isa = PBXGroup;
			children = (
				41BC70DC15BF81A5006A0A6C /* InfoPlist.strings */,
				41BC70DE15BF81A5006A0A6C /* MainMenu.xib */,
			);
			path = en.lproj;
			sourceTree = SOURCE_ROOT;
		};
		6202BCEC17A87F8C002A9751 /* B2DebugDraw */ = {
			isa = PBXGroup;
			children = (
				6202BCED17A87F8C002A9751 /* B2DebugDrawLayer.cpp */,
				6202BCEE17A87F8C002A9751 /* B2DebugDrawLayer.h */,
				6202BCEF17A87F8C002A9751 /* GLES-Render.cpp */,
				6202BCF017A87F8C002A9751 /* GLES-Render.h */,
			);
			name = B2DebugDraw;
			path = ../../CampJam2013/Classes/B2DebugDraw;
			sourceTree = "<group>";
		};
		6202BCF817A87F8C002A9751 /* Entities */ = {
			isa = PBXGroup;
			children = (
				6202BCF917A87F8C002A9751 /* Collectables */,
				6202BD0417A87F8C002A9751 /* CollectableSpawnPoint.cpp */,
				6202BD0517A87F8C002A9751 /* CollectableSpawnPoint.h */,
				6202BD0617A87F8C002A9751 /* Enemies */,
				6202BD0F17A87F8C002A9751 /* EnemySpawnPoint.cpp */,
				6202BD1017A87F8C002A9751 /* EnemySpawnPoint.h */,
				6202BD1117A87F8C002A9751 /* Player.cpp */,
				6202BD1217A87F8C002A9751 /* Player.h */,
				6202BD1317A87F8C002A9751 /* Static */,
			);
			name = Entities;
			path = ../../CampJam2013/Classes/Entities;
			sourceTree = "<group>";
		};
		6202BCF917A87F8C002A9751 /* Collectables */ = {
			isa = PBXGroup;
			children = (
				6202BCFA17A87F8C002A9751 /* Coffee.cpp */,
				6202BCFB17A87F8C002A9751 /* Coffee.h */,
				6202BCFC17A87F8C002A9751 /* Collectable.cpp */,
				6202BCFD17A87F8C002A9751 /* Collectable.h */,
				6202BCFE17A87F8C002A9751 /* Donut.cpp */,
				6202BCFF17A87F8C002A9751 /* Donut.h */,
				6202BD0017A87F8C002A9751 /* PeaBerry.cpp */,
				6202BD0117A87F8C002A9751 /* PeaBerry.h */,
				6202BD0217A87F8C002A9751 /* Water.cpp */,
				6202BD0317A87F8C002A9751 /* Water.h */,
			);
			path = Collectables;
			sourceTree = "<group>";
		};
		6202BD0617A87F8C002A9751 /* Enemies */ = {
			isa = PBXGroup;
			children = (
				6202BD0717A87F8C002A9751 /* Enemy.cpp */,
				6202BD0817A87F8C002A9751 /* Enemy.h */,
				6202BD0917A87F8C002A9751 /* Man.cpp */,
				6202BD0A17A87F8C002A9751 /* Man.h */,
				6202BD0B17A87F8C002A9751 /* Manager.cpp */,
				6202BD0C17A87F8C002A9751 /* Manager.h */,
				6202BD0D17A87F8C002A9751 /* Woman.cpp */,
				6202BD0E17A87F8C002A9751 /* Woman.h */,
			);
			path = Enemies;
			sourceTree = "<group>";
		};
		6202BD1317A87F8C002A9751 /* Static */ = {
			isa = PBXGroup;
			children = (
				6202BD1417A87F8C002A9751 /* BossDesk.cpp */,
				6202BD1517A87F8C002A9751 /* BossDesk.h */,
				6202BD1617A87F8C002A9751 /* Document.cpp */,
				6202BD1717A87F8C002A9751 /* Document.h */,
				6202BD1817A87F8C002A9751 /* EmptyPaper.cpp */,
				6202BD1917A87F8C002A9751 /* EmptyPaper.h */,
				6202BD1A17A87F8C002A9751 /* Printer.cpp */,
				6202BD1B17A87F8C002A9751 /* Printer.h */,
			);
			path = Static;
			sourceTree = "<group>";
		};
		6202BD2217A87F8C002A9751 /* Scenes */ = {
			isa = PBXGroup;
			children = (
				6202BD2317A87F8C002A9751 /* GameoverScene.cpp */,
				6202BD2417A87F8C002A9751 /* GameoverScene.h */,
				6202BD2517A87F8C002A9751 /* TitleScene.cpp */,
				6202BD2617A87F8C002A9751 /* TitleScene.h */,
			);
			name = Scenes;
			path = ../../CampJam2013/Classes/Scenes;
			sourceTree = "<group>";
		};
		78C7DDAA14EBA5050085D0C2 /* Resources */ = {
			isa = PBXGroup;
			children = (
				6202BD4517A87FC7002A9751 /* Characters.plist */,
				6202BD4617A87FC7002A9751 /* Characters.png */,
				6202BD4717A87FC7002A9751 /* credits.png */,
				6202BD4817A87FC7002A9751 /* death_man.wav */,
				6202BD4917A87FC7002A9751 /* death_manager.wav */,
				6202BD4A17A87FC7002A9751 /* death_woman.wav */,
				6202BD4B17A87FC7002A9751 /* donut_eating.wav */,
				6202BD4C17A87FC7002A9751 /* drinked_coffee.wav */,
				6202BD4D17A87FC7002A9751 /* gameover.jpg */,
				6202BD4E17A87FC7002A9751 /* gettowork.png */,
				6202BD4F17A87FC7002A9751 /* main_bgm.wav */,
				6202BD5017A87FC7002A9751 /* main.tmx */,
				6202BD5117A87FC7002A9751 /* MainFont.fnt */,
				6202BD5217A87FC7002A9751 /* MainFont.png */,
				6202BD5317A87FC7002A9751 /* officerampage.png */,
				6202BD5417A87FC7002A9751 /* paper.wav */,
				6202BD5517A87FC7002A9751 /* player_hit.wav */,
				6202BD5617A87FC7002A9751 /* printer.wav */,
				6202BD5717A87FC7002A9751 /* return.png */,
				6202BD5817A87FC7002A9751 /* startover.png */,
				6202BD5917A87FC7002A9751 /* tiles.png */,
				6202BD5A17A87FC7002A9751 /* title_bgm.mp3 */,
				6202BD5B17A87FC7002A9751 /* wilhem.wav */,
			);
			name = Resources;
			path = ../Resources;
			sourceTree = "<group>";
		};
/* End PBXGroup section */

/* Begin PBXNativeTarget section */
		1D6058900D05DD3D006BFB54 /* OfficeRampage */ = {
			isa = PBXNativeTarget;
			buildConfigurationList = 1D6058960D05DD3E006BFB54 /* Build configuration list for PBXNativeTarget "OfficeRampage" */;
			buildPhases = (
				1D60588D0D05DD3D006BFB54 /* Resources */,
				1D60588E0D05DD3D006BFB54 /* Sources */,
				1D60588F0D05DD3D006BFB54 /* Frameworks */,
			);
			buildRules = (
			);
			dependencies = (
				15C159521683161500D239F2 /* PBXTargetDependency */,
			);
			name = OfficeRampage;
			productName = iphone;
			productReference = 1D6058910D05DD3D006BFB54 /* OfficeRampage.app */;
			productType = "com.apple.product-type.application";
		};
/* End PBXNativeTarget section */

/* Begin PBXProject section */
		29B97313FDCFA39411CA2CEA /* Project object */ = {
			isa = PBXProject;
			attributes = {
				LastUpgradeCheck = 0430;
			};
			buildConfigurationList = C01FCF4E08A954540054247B /* Build configuration list for PBXProject "OfficeRampage" */;
			compatibilityVersion = "Xcode 3.2";
			developmentRegion = English;
			hasScannedForEncodings = 1;
			knownRegions = (
				English,
				Japanese,
				French,
				German,
				en,
			);
			mainGroup = 29B97314FDCFA39411CA2CEA /* CustomTemplate */;
			projectDirPath = "";
			projectReferences = (
				{
					ProductGroup = 15C156C31683158700D239F2 /* Products */;
					ProjectRef = 15C156C21683158700D239F2 /* cocos2dx.xcodeproj */;
				},
			);
			projectRoot = "";
			targets = (
				1D6058900D05DD3D006BFB54 /* OfficeRampage */,
			);
		};
/* End PBXProject section */

/* Begin PBXReferenceProxy section */
		15C156CA1683158700D239F2 /* libcocos2dx.a */ = {
			isa = PBXReferenceProxy;
			fileType = archive.ar;
			path = libcocos2dx.a;
			remoteRef = 15C156C91683158700D239F2 /* PBXContainerItemProxy */;
			sourceTree = BUILT_PRODUCTS_DIR;
		};
/* End PBXReferenceProxy section */

/* Begin PBXResourcesBuildPhase section */
		1D60588D0D05DD3D006BFB54 /* Resources */ = {
			isa = PBXResourcesBuildPhase;
			buildActionMask = 2147483647;
			files = (
				41BC70E515BF81A5006A0A6C /* InfoPlist.strings in Resources */,
				41BC70E615BF81A5006A0A6C /* MainMenu.xib in Resources */,
				41BC70E715BF81A5006A0A6C /* Icon.icns in Resources */,
				6202BD5C17A87FC7002A9751 /* Characters.plist in Resources */,
				6202BD5D17A87FC7002A9751 /* Characters.png in Resources */,
				6202BD5E17A87FC7002A9751 /* credits.png in Resources */,
				6202BD5F17A87FC7002A9751 /* death_man.wav in Resources */,
				6202BD6017A87FC7002A9751 /* death_manager.wav in Resources */,
				6202BD6117A87FC7002A9751 /* death_woman.wav in Resources */,
				6202BD6217A87FC7002A9751 /* donut_eating.wav in Resources */,
				6202BD6317A87FC7002A9751 /* drinked_coffee.wav in Resources */,
				6202BD6417A87FC7002A9751 /* gameover.jpg in Resources */,
				6202BD6517A87FC7002A9751 /* gettowork.png in Resources */,
				6202BD6617A87FC7002A9751 /* main_bgm.wav in Resources */,
				6202BD6717A87FC7002A9751 /* main.tmx in Resources */,
				6202BD6817A87FC7002A9751 /* MainFont.fnt in Resources */,
				6202BD6917A87FC7002A9751 /* MainFont.png in Resources */,
				6202BD6A17A87FC7002A9751 /* officerampage.png in Resources */,
				6202BD6B17A87FC7002A9751 /* paper.wav in Resources */,
				6202BD6C17A87FC7002A9751 /* player_hit.wav in Resources */,
				6202BD6D17A87FC7002A9751 /* printer.wav in Resources */,
				6202BD6E17A87FC7002A9751 /* return.png in Resources */,
				6202BD6F17A87FC7002A9751 /* startover.png in Resources */,
				6202BD7017A87FC7002A9751 /* tiles.png in Resources */,
				6202BD7117A87FC7002A9751 /* title_bgm.mp3 in Resources */,
				6202BD7217A87FC7002A9751 /* wilhem.wav in Resources */,
			);
			runOnlyForDeploymentPostprocessing = 0;
		};
/* End PBXResourcesBuildPhase section */

/* Begin PBXSourcesBuildPhase section */
		1D60588E0D05DD3D006BFB54 /* Sources */ = {
			isa = PBXSourcesBuildPhase;
			buildActionMask = 2147483647;
			files = (
				41BC70E415BF81A5006A0A6C /* AppController.mm in Sources */,
				41BC70E815BF81A5006A0A6C /* main.m in Sources */,
				15C157431683159E00D239F2 /* b2BroadPhase.cpp in Sources */,
				15C157441683159E00D239F2 /* b2CollideCircle.cpp in Sources */,
				15C157451683159E00D239F2 /* b2CollideEdge.cpp in Sources */,
				15C157461683159E00D239F2 /* b2CollidePolygon.cpp in Sources */,
				15C157471683159E00D239F2 /* b2Collision.cpp in Sources */,
				15C157481683159E00D239F2 /* b2Distance.cpp in Sources */,
				15C157491683159E00D239F2 /* b2DynamicTree.cpp in Sources */,
				15C1574A1683159E00D239F2 /* b2TimeOfImpact.cpp in Sources */,
				15C1574B1683159E00D239F2 /* b2ChainShape.cpp in Sources */,
				15C1574C1683159E00D239F2 /* b2CircleShape.cpp in Sources */,
				15C1574D1683159E00D239F2 /* b2EdgeShape.cpp in Sources */,
				15C1574E1683159E00D239F2 /* b2PolygonShape.cpp in Sources */,
				15C1574F1683159E00D239F2 /* b2BlockAllocator.cpp in Sources */,
				15C157501683159E00D239F2 /* b2Draw.cpp in Sources */,
				15C157511683159E00D239F2 /* b2Math.cpp in Sources */,
				15C157521683159E00D239F2 /* b2Settings.cpp in Sources */,
				15C157531683159E00D239F2 /* b2StackAllocator.cpp in Sources */,
				15C157541683159E00D239F2 /* b2Timer.cpp in Sources */,
				15C157551683159E00D239F2 /* b2Body.cpp in Sources */,
				15C157561683159E00D239F2 /* b2ContactManager.cpp in Sources */,
				15C157571683159E00D239F2 /* b2Fixture.cpp in Sources */,
				15C157581683159E00D239F2 /* b2Island.cpp in Sources */,
				15C157591683159E00D239F2 /* b2World.cpp in Sources */,
				15C1575A1683159E00D239F2 /* b2WorldCallbacks.cpp in Sources */,
				15C1575B1683159E00D239F2 /* b2ChainAndCircleContact.cpp in Sources */,
				15C1575C1683159E00D239F2 /* b2ChainAndPolygonContact.cpp in Sources */,
				15C1575D1683159E00D239F2 /* b2CircleContact.cpp in Sources */,
				15C1575E1683159E00D239F2 /* b2Contact.cpp in Sources */,
				15C1575F1683159E00D239F2 /* b2ContactSolver.cpp in Sources */,
				15C157601683159E00D239F2 /* b2EdgeAndCircleContact.cpp in Sources */,
				15C157611683159E00D239F2 /* b2EdgeAndPolygonContact.cpp in Sources */,
				15C157621683159E00D239F2 /* b2PolygonAndCircleContact.cpp in Sources */,
				15C157631683159E00D239F2 /* b2PolygonContact.cpp in Sources */,
				15C157641683159E00D239F2 /* b2DistanceJoint.cpp in Sources */,
				15C157651683159E00D239F2 /* b2FrictionJoint.cpp in Sources */,
				15C157661683159E00D239F2 /* b2GearJoint.cpp in Sources */,
				15C157671683159E00D239F2 /* b2Joint.cpp in Sources */,
				15C157681683159E00D239F2 /* b2MouseJoint.cpp in Sources */,
				15C157691683159E00D239F2 /* b2PrismaticJoint.cpp in Sources */,
				15C1576A1683159E00D239F2 /* b2PulleyJoint.cpp in Sources */,
				15C1576B1683159E00D239F2 /* b2RevoluteJoint.cpp in Sources */,
				15C1576C1683159E00D239F2 /* b2RopeJoint.cpp in Sources */,
				15C1576D1683159E00D239F2 /* b2WeldJoint.cpp in Sources */,
				15C1576E1683159E00D239F2 /* b2WheelJoint.cpp in Sources */,
				15C1577D1683159E00D239F2 /* b2Rope.cpp in Sources */,
				15D8B23E168318C3006C7997 /* CDAudioManager.m in Sources */,
				15D8B23F168318C3006C7997 /* CDOpenALSupport.m in Sources */,
				15D8B240168318C3006C7997 /* CDXMacOSXSupport.mm in Sources */,
				15D8B241168318C3006C7997 /* CocosDenshion.m in Sources */,
				15D8B242168318C3006C7997 /* SimpleAudioEngine.mm in Sources */,
				15D8B243168318C3006C7997 /* SimpleAudioEngine_objc.m in Sources */,
				6202BD2917A87F8C002A9751 /* AppDelegate.cpp in Sources */,
				6202BD2A17A87F8C002A9751 /* B2DebugDrawLayer.cpp in Sources */,
				6202BD2B17A87F8C002A9751 /* GLES-Render.cpp in Sources */,
				6202BD2C17A87F8C002A9751 /* BAContactListener.cpp in Sources */,
				6202BD2D17A87F8C002A9751 /* BaseLayer.cpp in Sources */,
				6202BD2E17A87F8C002A9751 /* CoffeeBar.cpp in Sources */,
				6202BD2F17A87F8C002A9751 /* Coffee.cpp in Sources */,
				6202BD3017A87F8C002A9751 /* Collectable.cpp in Sources */,
				6202BD3117A87F8C002A9751 /* Donut.cpp in Sources */,
				6202BD3217A87F8C002A9751 /* PeaBerry.cpp in Sources */,
				6202BD3317A87F8C002A9751 /* Water.cpp in Sources */,
				6202BD3417A87F8C002A9751 /* CollectableSpawnPoint.cpp in Sources */,
				6202BD3517A87F8C002A9751 /* Enemy.cpp in Sources */,
				6202BD3617A87F8C002A9751 /* Man.cpp in Sources */,
				6202BD3717A87F8C002A9751 /* Manager.cpp in Sources */,
				6202BD3817A87F8C002A9751 /* Woman.cpp in Sources */,
				6202BD3917A87F8C002A9751 /* EnemySpawnPoint.cpp in Sources */,
				6202BD3A17A87F8C002A9751 /* Player.cpp in Sources */,
				6202BD3B17A87F8C002A9751 /* BossDesk.cpp in Sources */,
				6202BD3C17A87F8C002A9751 /* Document.cpp in Sources */,
				6202BD3D17A87F8C002A9751 /* EmptyPaper.cpp in Sources */,
				6202BD3E17A87F8C002A9751 /* Printer.cpp in Sources */,
				6202BD3F17A87F8C002A9751 /* GameObject.cpp in Sources */,
				6202BD4017A87F8C002A9751 /* GamePlay.cpp in Sources */,
				6202BD4117A87F8C002A9751 /* HealthBar.cpp in Sources */,
				6202BD4217A87F8C002A9751 /* GameoverScene.cpp in Sources */,
				6202BD4317A87F8C002A9751 /* TitleScene.cpp in Sources */,
				6202BD4417A87F8C002A9751 /* ScoreLayer.cpp in Sources */,
			);
			runOnlyForDeploymentPostprocessing = 0;
		};
/* End PBXSourcesBuildPhase section */

/* Begin PBXTargetDependency section */
		15C159521683161500D239F2 /* PBXTargetDependency */ = {
			isa = PBXTargetDependency;
			name = cocos2dx;
			targetProxy = 15C159511683161500D239F2 /* PBXContainerItemProxy */;
		};
/* End PBXTargetDependency section */

/* Begin PBXVariantGroup section */
		41BC70DC15BF81A5006A0A6C /* InfoPlist.strings */ = {
			isa = PBXVariantGroup;
			children = (
				41BC70DD15BF81A5006A0A6C /* en */,
			);
			name = InfoPlist.strings;
			sourceTree = "<group>";
		};
		41BC70DE15BF81A5006A0A6C /* MainMenu.xib */ = {
			isa = PBXVariantGroup;
			children = (
				41BC70DF15BF81A5006A0A6C /* en */,
			);
			name = MainMenu.xib;
			sourceTree = "<group>";
		};
/* End PBXVariantGroup section */

/* Begin XCBuildConfiguration section */
		1D6058940D05DD3E006BFB54 /* Debug */ = {
			isa = XCBuildConfiguration;
			buildSettings = {
				ALWAYS_SEARCH_USER_PATHS = NO;
				CLANG_CXX_LANGUAGE_STANDARD = "c++0x";
				CLANG_CXX_LIBRARY = "libc++";
				CODE_SIGN_IDENTITY = "";
				"CODE_SIGN_IDENTITY[sdk=iphoneos*]" = "";
				COPY_PHASE_STRIP = NO;
				GCC_DYNAMIC_NO_PIC = NO;
				GCC_INLINES_ARE_PRIVATE_EXTERN = NO;
				GCC_OPTIMIZATION_LEVEL = 0;
				GCC_PRECOMPILE_PREFIX_HEADER = YES;
				GCC_PREFIX_HEADER = Prefix.pch;
				GCC_PREPROCESSOR_DEFINITIONS = (
					USE_FILE32API,
					CC_TARGET_OS_MAC,
					"COCOS2D_DEBUG=1",
					CC_ENABLE_CHIPMUNK_INTEGRATION,
					KEYBOARD_SUPPORT,
				);
				GCC_SYMBOLS_PRIVATE_EXTERN = NO;
				GCC_VERSION = "";
				HEADER_SEARCH_PATHS = (
					"$(SRCROOT)/../../../CocosDenshion/include",
					"\"$(SRCROOT)/../../../external/chipmunk/include/constraints\"",
					"\"$(SRCROOT)/../../../external/chipmunk/include/chipmunk\"",
					"\"$(SRCROOT)/../../../cocos2dx/kazmath/include\"",
					"\"$(SRCROOT)/../../../extensions\"",
					"\"$(SRCROOT)/../../../external\"",
					"\"$(SRCROOT)/../../../cocos2dx\"",
					"\"$(SRCROOT)/../../../cocos2dx/include\"",
					"\"$(SRCROOT)/../../../cocos2dx/platform/mac\"",
				);
				INFOPLIST_FILE = Info.plist;
				LIBRARY_SEARCH_PATHS = "\"$(SRCROOT)/../../../cocos2dx/platform/third_party/mac/libraries\"";
				MACOSX_DEPLOYMENT_TARGET = 10.7;
				ONLY_ACTIVE_ARCH = YES;
				OTHER_CFLAGS = "-O2";
				PRODUCT_NAME = OfficeRampage;
				SDKROOT = macosx;
				USER_HEADER_SEARCH_PATHS = "";
				VALID_ARCHS = "i386 x86_64";
			};
			name = Debug;
		};
		1D6058950D05DD3E006BFB54 /* Release */ = {
			isa = XCBuildConfiguration;
			buildSettings = {
				ALWAYS_SEARCH_USER_PATHS = NO;
				CLANG_CXX_LANGUAGE_STANDARD = "c++0x";
				CLANG_CXX_LIBRARY = "libc++";
				CODE_SIGN_IDENTITY = "";
				"CODE_SIGN_IDENTITY[sdk=iphoneos*]" = "";
				COPY_PHASE_STRIP = YES;
				GCC_INLINES_ARE_PRIVATE_EXTERN = NO;
				GCC_OPTIMIZATION_LEVEL = 0;
				GCC_PRECOMPILE_PREFIX_HEADER = YES;
				GCC_PREFIX_HEADER = Prefix.pch;
				GCC_PREPROCESSOR_DEFINITIONS = (
					CC_TARGET_OS_MAC,
					USE_FILE32API,
					CC_ENABLE_CHIPMUNK_INTEGRATION,
					KEYBOARD_SUPPORT,
				);
				GCC_SYMBOLS_PRIVATE_EXTERN = NO;
				GCC_VERSION = "";
				HEADER_SEARCH_PATHS = (
					"$(SRCROOT)/../../../CocosDenshion/include",
					"\"$(SRCROOT)/../../../external/chipmunk/include/constraints\"",
					"\"$(SRCROOT)/../../../external/chipmunk/include/chipmunk\"",
					"\"$(SRCROOT)/../../../cocos2dx/kazmath/include\"",
					"\"$(SRCROOT)/../../../extensions\"",
					"\"$(SRCROOT)/../../../external\"",
					"\"$(SRCROOT)/../../../cocos2dx\"",
					"\"$(SRCROOT)/../../../cocos2dx/include\"",
					"\"$(SRCROOT)/../../../cocos2dx/platform/mac\"",
				);
				INFOPLIST_FILE = Info.plist;
				LIBRARY_SEARCH_PATHS = "\"$(SRCROOT)/../../../cocos2dx/platform/third_party/mac/libraries\"";
				MACOSX_DEPLOYMENT_TARGET = 10.7;
				PRODUCT_NAME = OfficeRampage;
				SDKROOT = macosx;
				USER_HEADER_SEARCH_PATHS = "";
				VALIDATE_PRODUCT = YES;
				VALID_ARCHS = "i386 x86_64";
			};
			name = Release;
		};
		C01FCF4F08A954540054247B /* Debug */ = {
			isa = XCBuildConfiguration;
			buildSettings = {
				ARCHS = "$(ARCHS_STANDARD_32_64_BIT)";
				GCC_C_LANGUAGE_STANDARD = c99;
				GCC_VERSION = "";
				GCC_WARN_ABOUT_RETURN_TYPE = YES;
				GCC_WARN_UNUSED_VARIABLE = YES;
				ONLY_ACTIVE_ARCH = YES;
				SDKROOT = macosx;
				VALID_ARCHS = "x86_64 i386";
			};
			name = Debug;
		};
		C01FCF5008A954540054247B /* Release */ = {
			isa = XCBuildConfiguration;
			buildSettings = {
				ARCHS = "$(ARCHS_STANDARD_32_64_BIT)";
				GCC_C_LANGUAGE_STANDARD = c99;
				GCC_VERSION = "";
				GCC_WARN_ABOUT_RETURN_TYPE = YES;
				GCC_WARN_UNUSED_VARIABLE = YES;
				OTHER_CFLAGS = "-DNS_BLOCK_ASSERTIONS=1";
				SDKROOT = macosx;
				VALID_ARCHS = "x86_64 i386";
			};
			name = Release;
		};
/* End XCBuildConfiguration section */

/* Begin XCConfigurationList section */
		1D6058960D05DD3E006BFB54 /* Build configuration list for PBXNativeTarget "OfficeRampage" */ = {
			isa = XCConfigurationList;
			buildConfigurations = (
				1D6058940D05DD3E006BFB54 /* Debug */,
				1D6058950D05DD3E006BFB54 /* Release */,
			);
			defaultConfigurationIsVisible = 0;
			defaultConfigurationName = Debug;
		};
		C01FCF4E08A954540054247B /* Build configuration list for PBXProject "OfficeRampage" */ = {
			isa = XCConfigurationList;
			buildConfigurations = (
				C01FCF4F08A954540054247B /* Debug */,
				C01FCF5008A954540054247B /* Release */,
			);
			defaultConfigurationIsVisible = 0;
			defaultConfigurationName = Debug;
		};
/* End XCConfigurationList section */
	};
	rootObject = 29B97313FDCFA39411CA2CEA /* Project object */;
}
